<?xml version="1.0" encoding="UTF-8"?>
<!DOCTYPE plist PUBLIC "-//Apple//DTD PLIST 1.0//EN" "http://www.apple.com/DTDs/PropertyList-1.0.dtd">
<plist version="1.0">
<dict>
	<key>archiveVersion</key>
	<string>1</string>
	<key>classes</key>
	<dict/>
	<key>objectVersion</key>
	<string>46</string>
	<key>objects</key>
	<dict>
		<key>1888E2C5769382461DEDC97D</key>
		<dict>
			<key>includeInIndex</key>
			<string>1</string>
			<key>isa</key>
			<string>PBXFileReference</string>
			<key>lastKnownFileType</key>
			<string>text.xcconfig</string>
			<key>name</key>
			<string>Pods-WeexUITestDemo.release.xcconfig</string>
			<key>path</key>
			<string>Pods/Target Support Files/Pods-WeexUITestDemo/Pods-WeexUITestDemo.release.xcconfig</string>
			<key>sourceTree</key>
			<string>&lt;group&gt;</string>
		</dict>
		<key>2278B1B1FCE894EDAF9F0171</key>
		<dict>
			<key>includeInIndex</key>
			<string>1</string>
			<key>isa</key>
			<string>PBXFileReference</string>
			<key>lastKnownFileType</key>
			<string>text.xcconfig</string>
			<key>name</key>
			<string>Pods-WeexUITestDemo.debug.xcconfig</string>
			<key>path</key>
			<string>Pods/Target Support Files/Pods-WeexUITestDemo/Pods-WeexUITestDemo.debug.xcconfig</string>
			<key>sourceTree</key>
			<string>&lt;group&gt;</string>
		</dict>
		<key>22E4D2883CC56188A2CA9C13</key>
		<dict>
			<key>includeInIndex</key>
			<string>1</string>
			<key>isa</key>
			<string>PBXFileReference</string>
			<key>lastKnownFileType</key>
			<string>text.xcconfig</string>
			<key>name</key>
			<string>Pods-WeexDemo.uitest.xcconfig</string>
			<key>path</key>
			<string>Pods/Target Support Files/Pods-WeexDemo/Pods-WeexDemo.uitest.xcconfig</string>
			<key>sourceTree</key>
			<string>&lt;group&gt;</string>
		</dict>
		<key>2AE88A291C8544D7003329DE</key>
		<dict>
			<key>children</key>
			<array>
				<string>2AE88A2A1C8544E6003329DE</string>
				<string>2AE88A2B1C8544E6003329DE</string>
			</array>
			<key>isa</key>
			<string>PBXGroup</string>
			<key>name</key>
			<string>scanner</string>
			<key>sourceTree</key>
			<string>&lt;group&gt;</string>
		</dict>
		<key>2AE88A2A1C8544E6003329DE</key>
		<dict>
			<key>fileEncoding</key>
			<string>4</string>
			<key>isa</key>
			<string>PBXFileReference</string>
			<key>lastKnownFileType</key>
			<string>sourcecode.c.h</string>
			<key>name</key>
			<string>WXScannerVC.h</string>
			<key>path</key>
			<string>Scanner/WXScannerVC.h</string>
			<key>sourceTree</key>
			<string>&lt;group&gt;</string>
		</dict>
		<key>2AE88A2B1C8544E6003329DE</key>
		<dict>
			<key>fileEncoding</key>
			<string>4</string>
			<key>isa</key>
			<string>PBXFileReference</string>
			<key>lastKnownFileType</key>
			<string>sourcecode.c.objc</string>
			<key>name</key>
			<string>WXScannerVC.m</string>
			<key>path</key>
			<string>Scanner/WXScannerVC.m</string>
			<key>sourceTree</key>
			<string>&lt;group&gt;</string>
		</dict>
		<key>2AE88A2C1C8544E6003329DE</key>
		<dict>
			<key>fileRef</key>
			<string>2AE88A2B1C8544E6003329DE</string>
			<key>isa</key>
			<string>PBXBuildFile</string>
		</dict>
		<key>327BB19797F63D5309FB91BF</key>
		<dict>
			<key>children</key>
			<array>
				<string>741DFE081DDDD519009B020F</string>
				<string>7475ACA01CD8444A0044E96C</string>
				<string>7601607D735D7F8D88971230</string>
				<string>E48C20F443AA337D1FE97622</string>
			</array>
			<key>isa</key>
			<string>PBXGroup</string>
			<key>name</key>
			<string>Frameworks</string>
			<key>sourceTree</key>
			<string>&lt;group&gt;</string>
		</dict>
		<key>564B94661DD9C65000441C8D</key>
		<dict>
			<key>fileEncoding</key>
			<string>4</string>
			<key>isa</key>
			<string>PBXFileReference</string>
			<key>lastKnownFileType</key>
			<string>text.plist.xml</string>
			<key>path</key>
			<string>WeexUITestDemo-Info.plist</string>
			<key>sourceTree</key>
			<string>&lt;group&gt;</string>
		</dict>
		<key>564B94671DD9C65000441C8D</key>
		<dict>
			<key>fileRef</key>
			<string>564B94661DD9C65000441C8D</string>
			<key>isa</key>
			<string>PBXBuildFile</string>
		</dict>
		<key>567369891CE436EB000A646C</key>
		<dict>
			<key>buildActionMask</key>
			<string>2147483647</string>
			<key>files</key>
			<array/>
			<key>inputPaths</key>
			<array/>
			<key>isa</key>
			<string>PBXShellScriptBuildPhase</string>
			<key>outputPaths</key>
			<array/>
			<key>runOnlyForDeploymentPostprocessing</key>
			<string>0</string>
			<key>shellPath</key>
			<string>/bin/sh</string>
			<key>shellScript</key>
			<string>myFile="XcodeCoverage/exportenv.sh"

if [ -f "$myFile" ]; then
XcodeCoverage/exportenv.sh
fi</string>
		</dict>
		<key>59EA0DA61D2E7D19004F904A</key>
		<dict>
			<key>isa</key>
			<string>PBXFileReference</string>
			<key>lastKnownFileType</key>
			<string>folder.assetcatalog</string>
			<key>path</key>
			<string>Images.xcassets</string>
			<key>sourceTree</key>
			<string>&lt;group&gt;</string>
		</dict>
		<key>59EA0DA71D2E7D19004F904A</key>
		<dict>
			<key>fileRef</key>
			<string>59EA0DA61D2E7D19004F904A</string>
			<key>isa</key>
			<string>PBXBuildFile</string>
		</dict>
		<key>5AF8846546DAC65CAC038806</key>
		<dict>
			<key>includeInIndex</key>
			<string>1</string>
			<key>isa</key>
			<string>PBXFileReference</string>
			<key>lastKnownFileType</key>
			<string>text.xcconfig</string>
			<key>name</key>
			<string>Pods-WeexDemo.debug.xcconfig</string>
			<key>path</key>
			<string>Pods/Target Support Files/Pods-WeexDemo/Pods-WeexDemo.debug.xcconfig</string>
			<key>sourceTree</key>
			<string>&lt;group&gt;</string>
		</dict>
		<key>69F403C85394CA596E3454AC</key>
		<dict>
			<key>buildActionMask</key>
			<string>2147483647</string>
			<key>files</key>
			<array/>
			<key>inputPaths</key>
			<array/>
			<key>isa</key>
			<string>PBXShellScriptBuildPhase</string>
			<key>name</key>
			<string>Embed Pods Frameworks</string>
			<key>outputPaths</key>
			<array/>
			<key>runOnlyForDeploymentPostprocessing</key>
			<string>0</string>
			<key>shellPath</key>
			<string>/bin/sh</string>
			<key>shellScript</key>
			<string>"${SRCROOT}/Pods/Target Support Files/Pods-WeexUITestDemo/Pods-WeexUITestDemo-frameworks.sh"
</string>
			<key>showEnvVarsInLog</key>
			<string>0</string>
		</dict>
		<key>741DFE081DDDD519009B020F</key>
		<dict>
			<key>isa</key>
			<string>PBXFileReference</string>
			<key>lastKnownFileType</key>
			<string>sourcecode.text-based-dylib-definition</string>
			<key>name</key>
			<string>libstdc++.tbd</string>
			<key>path</key>
			<string>usr/lib/libstdc++.tbd</string>
			<key>sourceTree</key>
			<string>SDKROOT</string>
		</dict>
		<key>741DFE091DDDD519009B020F</key>
		<dict>
			<key>fileRef</key>
			<string>741DFE081DDDD519009B020F</string>
			<key>isa</key>
			<string>PBXBuildFile</string>
		</dict>
		<key>7453E3641C9FA971001EB427</key>
		<dict>
			<key>fileEncoding</key>
			<string>4</string>
			<key>isa</key>
			<string>PBXFileReference</string>
			<key>lastKnownFileType</key>
			<string>sourcecode.c.h</string>
			<key>path</key>
			<string>DemoDefine.h</string>
			<key>sourceTree</key>
			<string>&lt;group&gt;</string>
		</dict>
		<key>7475ACA01CD8444A0044E96C</key>
		<dict>
			<key>isa</key>
			<string>PBXFileReference</string>
			<key>lastKnownFileType</key>
			<string>sourcecode.text-based-dylib-definition</string>
			<key>name</key>
			<string>libsqlite3.0.tbd</string>
			<key>path</key>
			<string>usr/lib/libsqlite3.0.tbd</string>
			<key>sourceTree</key>
			<string>SDKROOT</string>
		</dict>
		<key>7478481C1E0CD4910044500D</key>
		<dict>
			<key>fileEncoding</key>
			<string>4</string>
			<key>isa</key>
			<string>PBXFileReference</string>
			<key>lastKnownFileType</key>
			<string>sourcecode.c.h</string>
			<key>path</key>
			<string>WXSyncTestModule.h</string>
			<key>sourceTree</key>
			<string>&lt;group&gt;</string>
		</dict>
		<key>7478481D1E0CD4910044500D</key>
		<dict>
			<key>fileEncoding</key>
			<string>4</string>
			<key>isa</key>
			<string>PBXFileReference</string>
			<key>lastKnownFileType</key>
			<string>sourcecode.c.objc</string>
			<key>path</key>
			<string>WXSyncTestModule.m</string>
			<key>sourceTree</key>
			<string>&lt;group&gt;</string>
		</dict>
		<key>7478481E1E0CD4910044500D</key>
		<dict>
			<key>fileRef</key>
			<string>7478481D1E0CD4910044500D</string>
			<key>isa</key>
			<string>PBXBuildFile</string>
		</dict>
		<key>74CC79E91C2B9E4700829368</key>
		<dict>
			<key>fileEncoding</key>
			<string>4</string>
			<key>isa</key>
			<string>PBXFileReference</string>
			<key>lastKnownFileType</key>
			<string>sourcecode.c.h</string>
			<key>path</key>
			<string>UIViewController+WXDemoNaviBar.h</string>
			<key>sourceTree</key>
			<string>&lt;group&gt;</string>
		</dict>
		<key>74CC79EA1C2B9E4700829368</key>
		<dict>
			<key>fileEncoding</key>
			<string>4</string>
			<key>isa</key>
			<string>PBXFileReference</string>
			<key>lastKnownFileType</key>
			<string>sourcecode.c.objc</string>
			<key>path</key>
			<string>UIViewController+WXDemoNaviBar.m</string>
			<key>sourceTree</key>
			<string>&lt;group&gt;</string>
		</dict>
		<key>74CC79EB1C2B9E4700829368</key>
		<dict>
			<key>fileRef</key>
			<string>74CC79EA1C2B9E4700829368</string>
			<key>isa</key>
			<string>PBXBuildFile</string>
		</dict>
		<key>74CC79EC1C2B9FC600829368</key>
		<dict>
			<key>children</key>
			<array>
				<string>DCABAFF51D0296DB001C8592</string>
				<string>D5ADF0861C77133B00597CA6</string>
			</array>
			<key>isa</key>
			<string>PBXGroup</string>
			<key>name</key>
			<string>Demo</string>
			<key>sourceTree</key>
			<string>&lt;group&gt;</string>
		</dict>
		<key>74CC7A221C2C13BF00829368</key>
		<dict>
			<key>buildActionMask</key>
			<string>2147483647</string>
			<key>files</key>
			<array/>
			<key>inputPaths</key>
			<array/>
			<key>isa</key>
			<string>PBXShellScriptBuildPhase</string>
			<key>name</key>
			<string>Start Samples</string>
			<key>outputPaths</key>
			<array/>
			<key>runOnlyForDeploymentPostprocessing</key>
			<string>0</string>
			<key>shellPath</key>
			<string>/bin/sh</string>
			<key>shellScript</key>
			<string>set -x

if nc -w 5 -z localhost 12580 ; then
    echo "Port 12580 already in use, server is running"
else
    open "$SRCROOT/../../start"
fi

</string>
		</dict>
		<key>7601607D735D7F8D88971230</key>
		<dict>
			<key>explicitFileType</key>
			<string>archive.ar</string>
			<key>includeInIndex</key>
			<string>0</string>
			<key>isa</key>
			<string>PBXFileReference</string>
			<key>path</key>
			<string>libPods-WeexDemo.a</string>
			<key>sourceTree</key>
			<string>BUILT_PRODUCTS_DIR</string>
		</dict>
		<key>775BEE721C1E8ECC008D1629</key>
		<dict>
			<key>children</key>
			<array>
				<string>775BEE7D1C1E8ECC008D1629</string>
				<string>775BEE971C1E8ECC008D1629</string>
				<string>775BEE7C1C1E8ECC008D1629</string>
				<string>A9E45DD060512F73B9F51C03</string>
				<string>327BB19797F63D5309FB91BF</string>
				<string>DC65C4421CEB006C00B2F84F</string>
				<string>564B94661DD9C65000441C8D</string>
			</array>
			<key>isa</key>
			<string>PBXGroup</string>
			<key>sourceTree</key>
			<string>&lt;group&gt;</string>
		</dict>
		<key>775BEE731C1E8ECC008D1629</key>
		<dict>
			<key>attributes</key>
			<dict>
				<key>LastUpgradeCheck</key>
				<string>0710</string>
				<key>ORGANIZATIONNAME</key>
				<string>taobao</string>
				<key>TargetAttributes</key>
				<dict>
					<key>775BEE7A1C1E8ECC008D1629</key>
					<dict>
						<key>CreatedOnToolsVersion</key>
						<string>7.1.1</string>
					</dict>
					<key>775BEE931C1E8ECC008D1629</key>
					<dict>
						<key>CreatedOnToolsVersion</key>
						<string>7.1.1</string>
						<key>DevelopmentTeam</key>
						<string>445VCMGQD2</string>
						<key>TestTargetID</key>
						<string>775BEE7A1C1E8ECC008D1629</string>
					</dict>
				</dict>
			</dict>
			<key>buildConfigurationList</key>
			<string>775BEE761C1E8ECC008D1629</string>
			<key>compatibilityVersion</key>
			<string>Xcode 3.2</string>
			<key>developmentRegion</key>
			<string>English</string>
			<key>hasScannedForEncodings</key>
			<string>0</string>
			<key>isa</key>
			<string>PBXProject</string>
			<key>knownRegions</key>
			<array>
				<string>en</string>
				<string>Base</string>
			</array>
			<key>mainGroup</key>
			<string>775BEE721C1E8ECC008D1629</string>
			<key>productRefGroup</key>
			<string>775BEE7C1C1E8ECC008D1629</string>
			<key>projectDirPath</key>
			<string></string>
			<key>projectReferences</key>
			<array/>
			<key>projectRoot</key>
			<string></string>
			<key>targets</key>
			<array>
				<string>775BEE7A1C1E8ECC008D1629</string>
				<string>775BEE931C1E8ECC008D1629</string>
				<string>84361D261CA10F8E00F43825</string>
			</array>
		</dict>
		<key>775BEE761C1E8ECC008D1629</key>
		<dict>
			<key>buildConfigurations</key>
			<array>
				<string>775BEEA61C1E8ECC008D1629</string>
				<string>775BEEA71C1E8ECC008D1629</string>
			</array>
			<key>defaultConfigurationIsVisible</key>
			<string>0</string>
			<key>defaultConfigurationName</key>
			<string>Debug</string>
			<key>isa</key>
			<string>XCConfigurationList</string>
		</dict>
		<key>775BEE771C1E8ECC008D1629</key>
		<dict>
			<key>buildActionMask</key>
			<string>2147483647</string>
			<key>files</key>
			<array>
				<string>DCABAFF31D029685001C8592</string>
				<string>2AE88A2C1C8544E6003329DE</string>
				<string>775BEE861C1E8ECC008D1629</string>
				<string>74CC79EB1C2B9E4700829368</string>
				<string>DCABB0011D02975E001C8592</string>
				<string>7478481E1E0CD4910044500D</string>
				<string>775BEE831C1E8ECC008D1629</string>
				<string>DCABAFF41D029685001C8592</string>
				<string>775BEE801C1E8ECC008D1629</string>
				<string>DCABAFFE1D029753001C8592</string>
			</array>
			<key>isa</key>
			<string>PBXSourcesBuildPhase</string>
			<key>runOnlyForDeploymentPostprocessing</key>
			<string>0</string>
		</dict>
		<key>775BEE781C1E8ECC008D1629</key>
		<dict>
			<key>buildActionMask</key>
			<string>2147483647</string>
			<key>files</key>
			<array>
				<string>741DFE091DDDD519009B020F</string>
				<string>DC6DD9D21CFE9BC400549297</string>
				<string>EAEC716BE3E43DBC8494EC51</string>
			</array>
			<key>isa</key>
			<string>PBXFrameworksBuildPhase</string>
			<key>runOnlyForDeploymentPostprocessing</key>
			<string>0</string>
		</dict>
		<key>775BEE791C1E8ECC008D1629</key>
		<dict>
			<key>buildActionMask</key>
			<string>2147483647</string>
			<key>files</key>
			<array>
				<string>DC5E503E1D0D97130059F0EB</string>
				<string>DC5E503F1D0D97130059F0EB</string>
				<string>DCD286E01CF491AC00C601CA</string>
				<string>59EA0DA71D2E7D19004F904A</string>
				<string>564B94671DD9C65000441C8D</string>
				<string>DC65C4FA1CEB032F00B2F84F</string>
				<string>775BEE8B1C1E8ECC008D1629</string>
			</array>
			<key>isa</key>
			<string>PBXResourcesBuildPhase</string>
			<key>runOnlyForDeploymentPostprocessing</key>
			<string>0</string>
		</dict>
		<key>775BEE7A1C1E8ECC008D1629</key>
		<dict>
			<key>buildConfigurationList</key>
			<string>775BEEA81C1E8ECC008D1629</string>
			<key>buildPhases</key>
			<array>
				<string>74CC7A221C2C13BF00829368</string>
				<string>775BEE771C1E8ECC008D1629</string>
				<string>775BEE781C1E8ECC008D1629</string>
				<string>775BEE791C1E8ECC008D1629</string>
				<string>B2862FAD01216B6EFCE5C985</string>
			</array>
			<key>buildRules</key>
			<array/>
			<key>dependencies</key>
			<array/>
			<key>isa</key>
			<string>PBXNativeTarget</string>
			<key>name</key>
			<string>WeexDemo</string>
			<key>productName</key>
			<string>WeexDemo</string>
			<key>productReference</key>
			<string>775BEE7B1C1E8ECC008D1629</string>
			<key>productType</key>
			<string>com.apple.product-type.application</string>
		</dict>
		<key>775BEE7B1C1E8ECC008D1629</key>
		<dict>
			<key>explicitFileType</key>
			<string>wrapper.application</string>
			<key>includeInIndex</key>
			<string>0</string>
			<key>isa</key>
			<string>PBXFileReference</string>
			<key>path</key>
			<string>WeexDemo.app</string>
			<key>sourceTree</key>
			<string>BUILT_PRODUCTS_DIR</string>
		</dict>
		<key>775BEE7C1C1E8ECC008D1629</key>
		<dict>
			<key>children</key>
			<array>
				<string>775BEE7B1C1E8ECC008D1629</string>
				<string>775BEE941C1E8ECC008D1629</string>
				<string>84361D751CA10F8E00F43825</string>
			</array>
			<key>isa</key>
			<string>PBXGroup</string>
			<key>name</key>
			<string>Products</string>
			<key>sourceTree</key>
			<string>&lt;group&gt;</string>
		</dict>
		<key>775BEE7D1C1E8ECC008D1629</key>
		<dict>
			<key>children</key>
			<array>
				<string>74CC79EC1C2B9FC600829368</string>
				<string>775BEE8A1C1E8ECC008D1629</string>
				<string>775BEE8F1C1E8ECC008D1629</string>
				<string>59EA0DA61D2E7D19004F904A</string>
				<string>775BEE7E1C1E8ECC008D1629</string>
			</array>
			<key>isa</key>
			<string>PBXGroup</string>
			<key>path</key>
			<string>WeexDemo</string>
			<key>sourceTree</key>
			<string>&lt;group&gt;</string>
		</dict>
		<key>775BEE7E1C1E8ECC008D1629</key>
		<dict>
			<key>children</key>
			<array>
				<string>775BEE7F1C1E8ECC008D1629</string>
			</array>
			<key>isa</key>
			<string>PBXGroup</string>
			<key>name</key>
			<string>Supporting Files</string>
			<key>sourceTree</key>
			<string>&lt;group&gt;</string>
		</dict>
		<key>775BEE7F1C1E8ECC008D1629</key>
		<dict>
			<key>isa</key>
			<string>PBXFileReference</string>
			<key>lastKnownFileType</key>
			<string>sourcecode.c.objc</string>
			<key>path</key>
			<string>main.m</string>
			<key>sourceTree</key>
			<string>&lt;group&gt;</string>
		</dict>
		<key>775BEE801C1E8ECC008D1629</key>
		<dict>
			<key>fileRef</key>
			<string>775BEE7F1C1E8ECC008D1629</string>
			<key>isa</key>
			<string>PBXBuildFile</string>
		</dict>
		<key>775BEE811C1E8ECC008D1629</key>
		<dict>
			<key>isa</key>
			<string>PBXFileReference</string>
			<key>lastKnownFileType</key>
			<string>sourcecode.c.h</string>
			<key>path</key>
			<string>AppDelegate.h</string>
			<key>sourceTree</key>
			<string>&lt;group&gt;</string>
		</dict>
		<key>775BEE821C1E8ECC008D1629</key>
		<dict>
			<key>isa</key>
			<string>PBXFileReference</string>
			<key>lastKnownFileType</key>
			<string>sourcecode.c.objc</string>
			<key>path</key>
			<string>AppDelegate.m</string>
			<key>sourceTree</key>
			<string>&lt;group&gt;</string>
		</dict>
		<key>775BEE831C1E8ECC008D1629</key>
		<dict>
			<key>fileRef</key>
			<string>775BEE821C1E8ECC008D1629</string>
			<key>isa</key>
			<string>PBXBuildFile</string>
		</dict>
		<key>775BEE841C1E8ECC008D1629</key>
		<dict>
			<key>isa</key>
			<string>PBXFileReference</string>
			<key>lastKnownFileType</key>
			<string>sourcecode.c.h</string>
			<key>path</key>
			<string>WXDemoViewController.h</string>
			<key>sourceTree</key>
			<string>&lt;group&gt;</string>
		</dict>
		<key>775BEE851C1E8ECC008D1629</key>
		<dict>
			<key>isa</key>
			<string>PBXFileReference</string>
			<key>lastKnownFileType</key>
			<string>sourcecode.c.objc</string>
			<key>path</key>
			<string>WXDemoViewController.m</string>
			<key>sourceTree</key>
			<string>&lt;group&gt;</string>
		</dict>
		<key>775BEE861C1E8ECC008D1629</key>
		<dict>
			<key>fileRef</key>
			<string>775BEE851C1E8ECC008D1629</string>
			<key>isa</key>
			<string>PBXBuildFile</string>
		</dict>
		<key>775BEE8A1C1E8ECC008D1629</key>
		<dict>
			<key>isa</key>
			<string>PBXFileReference</string>
			<key>lastKnownFileType</key>
			<string>folder.assetcatalog</string>
			<key>path</key>
			<string>Assets.xcassets</string>
			<key>sourceTree</key>
			<string>&lt;group&gt;</string>
		</dict>
		<key>775BEE8B1C1E8ECC008D1629</key>
		<dict>
			<key>fileRef</key>
			<string>775BEE8A1C1E8ECC008D1629</string>
			<key>isa</key>
			<string>PBXBuildFile</string>
		</dict>
		<key>775BEE8F1C1E8ECC008D1629</key>
		<dict>
			<key>isa</key>
			<string>PBXFileReference</string>
			<key>lastKnownFileType</key>
			<string>text.plist.xml</string>
			<key>path</key>
			<string>Info.plist</string>
			<key>sourceTree</key>
			<string>&lt;group&gt;</string>
		</dict>
		<key>775BEE901C1E8ECC008D1629</key>
		<dict>
			<key>buildActionMask</key>
			<string>2147483647</string>
			<key>files</key>
			<array>
				<string>775BEE991C1E8ECC008D1629</string>
			</array>
			<key>isa</key>
			<string>PBXSourcesBuildPhase</string>
			<key>runOnlyForDeploymentPostprocessing</key>
			<string>0</string>
		</dict>
		<key>775BEE911C1E8ECC008D1629</key>
		<dict>
			<key>buildActionMask</key>
			<string>2147483647</string>
			<key>files</key>
			<array/>
			<key>isa</key>
			<string>PBXFrameworksBuildPhase</string>
			<key>runOnlyForDeploymentPostprocessing</key>
			<string>0</string>
		</dict>
		<key>775BEE921C1E8ECC008D1629</key>
		<dict>
			<key>buildActionMask</key>
			<string>2147483647</string>
			<key>files</key>
			<array/>
			<key>isa</key>
			<string>PBXResourcesBuildPhase</string>
			<key>runOnlyForDeploymentPostprocessing</key>
			<string>0</string>
		</dict>
		<key>775BEE931C1E8ECC008D1629</key>
		<dict>
			<key>buildConfigurationList</key>
			<string>775BEEAB1C1E8ECC008D1629</string>
			<key>buildPhases</key>
			<array>
				<string>775BEE901C1E8ECC008D1629</string>
				<string>775BEE911C1E8ECC008D1629</string>
				<string>775BEE921C1E8ECC008D1629</string>
			</array>
			<key>buildRules</key>
			<array/>
			<key>dependencies</key>
			<array>
				<string>775BEE961C1E8ECC008D1629</string>
			</array>
			<key>isa</key>
			<string>PBXNativeTarget</string>
			<key>name</key>
			<string>WeexDemoTests</string>
			<key>productName</key>
			<string>WeexDemoTests</string>
			<key>productReference</key>
			<string>775BEE941C1E8ECC008D1629</string>
			<key>productType</key>
			<string>com.apple.product-type.bundle.unit-test</string>
		</dict>
		<key>775BEE941C1E8ECC008D1629</key>
		<dict>
			<key>explicitFileType</key>
			<string>wrapper.cfbundle</string>
			<key>includeInIndex</key>
			<string>0</string>
			<key>isa</key>
			<string>PBXFileReference</string>
			<key>path</key>
			<string>WeexDemoTests.xctest</string>
			<key>sourceTree</key>
			<string>BUILT_PRODUCTS_DIR</string>
		</dict>
		<key>775BEE951C1E8ECC008D1629</key>
		<dict>
			<key>containerPortal</key>
			<string>775BEE731C1E8ECC008D1629</string>
			<key>isa</key>
			<string>PBXContainerItemProxy</string>
			<key>proxyType</key>
			<string>1</string>
			<key>remoteGlobalIDString</key>
			<string>775BEE7A1C1E8ECC008D1629</string>
			<key>remoteInfo</key>
			<string>WeexDemo</string>
		</dict>
		<key>775BEE961C1E8ECC008D1629</key>
		<dict>
			<key>isa</key>
			<string>PBXTargetDependency</string>
			<key>target</key>
			<string>775BEE7A1C1E8ECC008D1629</string>
			<key>targetProxy</key>
			<string>775BEE951C1E8ECC008D1629</string>
		</dict>
		<key>775BEE971C1E8ECC008D1629</key>
		<dict>
			<key>children</key>
			<array>
				<string>775BEE981C1E8ECC008D1629</string>
				<string>775BEE9A1C1E8ECC008D1629</string>
			</array>
			<key>isa</key>
			<string>PBXGroup</string>
			<key>path</key>
			<string>WeexDemoTests</string>
			<key>sourceTree</key>
			<string>&lt;group&gt;</string>
		</dict>
		<key>775BEE981C1E8ECC008D1629</key>
		<dict>
			<key>isa</key>
			<string>PBXFileReference</string>
			<key>lastKnownFileType</key>
			<string>sourcecode.c.objc</string>
			<key>path</key>
			<string>WeexDemoTests.m</string>
			<key>sourceTree</key>
			<string>&lt;group&gt;</string>
		</dict>
		<key>775BEE991C1E8ECC008D1629</key>
		<dict>
			<key>fileRef</key>
			<string>775BEE981C1E8ECC008D1629</string>
			<key>isa</key>
			<string>PBXBuildFile</string>
		</dict>
		<key>775BEE9A1C1E8ECC008D1629</key>
		<dict>
			<key>isa</key>
			<string>PBXFileReference</string>
			<key>lastKnownFileType</key>
			<string>text.plist.xml</string>
			<key>path</key>
			<string>Info.plist</string>
			<key>sourceTree</key>
			<string>&lt;group&gt;</string>
		</dict>
		<key>775BEEA61C1E8ECC008D1629</key>
		<dict>
			<key>buildSettings</key>
			<dict>
				<key>ALWAYS_SEARCH_USER_PATHS</key>
				<string>NO</string>
				<key>CLANG_CXX_LANGUAGE_STANDARD</key>
				<string>gnu++0x</string>
				<key>CLANG_CXX_LIBRARY</key>
				<string>libc++</string>
				<key>CLANG_ENABLE_MODULES</key>
				<string>YES</string>
				<key>CLANG_ENABLE_OBJC_ARC</key>
				<string>YES</string>
				<key>CLANG_WARN_BOOL_CONVERSION</key>
				<string>YES</string>
				<key>CLANG_WARN_CONSTANT_CONVERSION</key>
				<string>YES</string>
				<key>CLANG_WARN_DIRECT_OBJC_ISA_USAGE</key>
				<string>YES_ERROR</string>
				<key>CLANG_WARN_EMPTY_BODY</key>
				<string>YES</string>
				<key>CLANG_WARN_ENUM_CONVERSION</key>
				<string>YES</string>
				<key>CLANG_WARN_INT_CONVERSION</key>
				<string>YES</string>
				<key>CLANG_WARN_OBJC_ROOT_CLASS</key>
				<string>YES_ERROR</string>
				<key>CLANG_WARN_UNREACHABLE_CODE</key>
				<string>YES</string>
				<key>CLANG_WARN__DUPLICATE_METHOD_MATCH</key>
				<string>YES</string>
				<key>CODE_SIGN_IDENTITY</key>
				<string>iPhone Developer</string>
				<key>CODE_SIGN_IDENTITY[sdk=iphoneos*]</key>
				<string>iPhone Developer</string>
				<key>COPY_PHASE_STRIP</key>
				<string>NO</string>
				<key>DEBUG_INFORMATION_FORMAT</key>
				<string>dwarf</string>
				<key>ENABLE_STRICT_OBJC_MSGSEND</key>
				<string>YES</string>
				<key>ENABLE_TESTABILITY</key>
				<string>YES</string>
				<key>GCC_C_LANGUAGE_STANDARD</key>
				<string>gnu99</string>
				<key>GCC_DYNAMIC_NO_PIC</key>
				<string>NO</string>
				<key>GCC_GENERATE_TEST_COVERAGE_FILES</key>
				<string>YES</string>
				<key>GCC_INSTRUMENT_PROGRAM_FLOW_ARCS</key>
				<string>YES</string>
				<key>GCC_NO_COMMON_BLOCKS</key>
				<string>YES</string>
				<key>GCC_OPTIMIZATION_LEVEL</key>
				<string>0</string>
				<key>GCC_PREPROCESSOR_DEFINITIONS</key>
				<array>
					<string>DEBUG=1</string>
					<string>$(inherited)</string>
				</array>
				<key>GCC_WARN_64_TO_32_BIT_CONVERSION</key>
				<string>YES</string>
				<key>GCC_WARN_ABOUT_RETURN_TYPE</key>
				<string>YES_ERROR</string>
				<key>GCC_WARN_UNDECLARED_SELECTOR</key>
				<string>YES</string>
				<key>GCC_WARN_UNINITIALIZED_AUTOS</key>
				<string>YES_AGGRESSIVE</string>
				<key>GCC_WARN_UNUSED_FUNCTION</key>
				<string>YES</string>
				<key>GCC_WARN_UNUSED_VARIABLE</key>
				<string>YES</string>
				<key>IPHONEOS_DEPLOYMENT_TARGET</key>
				<string>7.0</string>
				<key>MTL_ENABLE_DEBUG_INFO</key>
				<string>YES</string>
				<key>ONLY_ACTIVE_ARCH</key>
				<string>YES</string>
				<key>SDKROOT</key>
				<string>iphoneos</string>
				<key>TARGETED_DEVICE_FAMILY</key>
				<string>1,2</string>
			</dict>
			<key>isa</key>
			<string>XCBuildConfiguration</string>
			<key>name</key>
			<string>Debug</string>
		</dict>
		<key>775BEEA71C1E8ECC008D1629</key>
		<dict>
			<key>buildSettings</key>
			<dict>
				<key>ALWAYS_SEARCH_USER_PATHS</key>
				<string>NO</string>
				<key>CLANG_CXX_LANGUAGE_STANDARD</key>
				<string>gnu++0x</string>
				<key>CLANG_CXX_LIBRARY</key>
				<string>libc++</string>
				<key>CLANG_ENABLE_MODULES</key>
				<string>YES</string>
				<key>CLANG_ENABLE_OBJC_ARC</key>
				<string>YES</string>
				<key>CLANG_WARN_BOOL_CONVERSION</key>
				<string>YES</string>
				<key>CLANG_WARN_CONSTANT_CONVERSION</key>
				<string>YES</string>
				<key>CLANG_WARN_DIRECT_OBJC_ISA_USAGE</key>
				<string>YES_ERROR</string>
				<key>CLANG_WARN_EMPTY_BODY</key>
				<string>YES</string>
				<key>CLANG_WARN_ENUM_CONVERSION</key>
				<string>YES</string>
				<key>CLANG_WARN_INT_CONVERSION</key>
				<string>YES</string>
				<key>CLANG_WARN_OBJC_ROOT_CLASS</key>
				<string>YES_ERROR</string>
				<key>CLANG_WARN_UNREACHABLE_CODE</key>
				<string>YES</string>
				<key>CLANG_WARN__DUPLICATE_METHOD_MATCH</key>
				<string>YES</string>
				<key>CODE_SIGN_IDENTITY</key>
				<string>iPhone Distribution</string>
				<key>CODE_SIGN_IDENTITY[sdk=iphoneos*]</key>
				<string>iPhone Distribution</string>
				<key>COPY_PHASE_STRIP</key>
				<string>NO</string>
				<key>DEBUG_INFORMATION_FORMAT</key>
				<string>dwarf-with-dsym</string>
				<key>ENABLE_NS_ASSERTIONS</key>
				<string>NO</string>
				<key>ENABLE_STRICT_OBJC_MSGSEND</key>
				<string>YES</string>
				<key>GCC_C_LANGUAGE_STANDARD</key>
				<string>gnu99</string>
				<key>GCC_NO_COMMON_BLOCKS</key>
				<string>YES</string>
				<key>GCC_WARN_64_TO_32_BIT_CONVERSION</key>
				<string>YES</string>
				<key>GCC_WARN_ABOUT_RETURN_TYPE</key>
				<string>YES_ERROR</string>
				<key>GCC_WARN_UNDECLARED_SELECTOR</key>
				<string>YES</string>
				<key>GCC_WARN_UNINITIALIZED_AUTOS</key>
				<string>YES_AGGRESSIVE</string>
				<key>GCC_WARN_UNUSED_FUNCTION</key>
				<string>YES</string>
				<key>GCC_WARN_UNUSED_VARIABLE</key>
				<string>YES</string>
				<key>IPHONEOS_DEPLOYMENT_TARGET</key>
				<string>7.0</string>
				<key>MTL_ENABLE_DEBUG_INFO</key>
				<string>NO</string>
				<key>SDKROOT</key>
				<string>iphoneos</string>
				<key>TARGETED_DEVICE_FAMILY</key>
				<string>1,2</string>
				<key>VALIDATE_PRODUCT</key>
				<string>YES</string>
			</dict>
			<key>isa</key>
			<string>XCBuildConfiguration</string>
			<key>name</key>
			<string>Release</string>
		</dict>
		<key>775BEEA81C1E8ECC008D1629</key>
		<dict>
			<key>buildConfigurations</key>
			<array>
				<string>775BEEA91C1E8ECC008D1629</string>
				<string>775BEEAA1C1E8ECC008D1629</string>
			</array>
			<key>defaultConfigurationIsVisible</key>
			<string>0</string>
			<key>defaultConfigurationName</key>
			<string>Debug</string>
			<key>isa</key>
			<string>XCConfigurationList</string>
		</dict>
		<key>775BEEA91C1E8ECC008D1629</key>
		<dict>
			<key>baseConfigurationReference</key>
			<string>5AF8846546DAC65CAC038806</string>
			<key>buildSettings</key>
			<dict>
				<key>ASSETCATALOG_COMPILER_APPICON_NAME</key>
				<string>AppIcon</string>
				<key>ASSETCATALOG_COMPILER_LAUNCHIMAGE_NAME</key>
				<string>LaunchImage</string>
				<key>CODE_SIGN_IDENTITY</key>
				<string>iPhone Developer</string>
				<key>CODE_SIGN_IDENTITY[sdk=iphoneos*]</key>
				<string>iPhone Developer</string>
				<key>DEVELOPMENT_TEAM</key>
				<string></string>
				<key>ENABLE_BITCODE</key>
				<string>NO</string>
				<key>FRAMEWORK_SEARCH_PATHS</key>
				<array>
					<string>$(inherited)</string>
					<string>$(PROJECT_DIR)/WeexDemo</string>
					<string>$(PROJECT_DIR)</string>
				</array>
				<key>GCC_TREAT_WARNINGS_AS_ERRORS</key>
				<string>YES</string>
				<key>INFOPLIST_FILE</key>
				<string>WeexDemo/Info.plist</string>
				<key>IPHONEOS_DEPLOYMENT_TARGET</key>
				<string>7.0</string>
				<key>LD_RUNPATH_SEARCH_PATHS</key>
				<string>$(inherited) @executable_path/Frameworks</string>
				<key>OTHER_LDFLAGS</key>
				<array>
					<string>$(inherited)</string>
					<string>-licucore</string>
				</array>
				<key>PRODUCT_BUNDLE_IDENTIFIER</key>
				<string>com.taobao.WeexPlayground</string>
				<key>PRODUCT_NAME</key>
				<string>$(TARGET_NAME)</string>
				<key>PROVISIONING_PROFILE</key>
				<string></string>
				<key>TARGETED_DEVICE_FAMILY</key>
				<string>1</string>
			</dict>
			<key>isa</key>
			<string>XCBuildConfiguration</string>
			<key>name</key>
			<string>Debug</string>
		</dict>
		<key>775BEEAA1C1E8ECC008D1629</key>
		<dict>
			<key>baseConfigurationReference</key>
			<string>9420131417A731ED089B0814</string>
			<key>buildSettings</key>
			<dict>
				<key>ASSETCATALOG_COMPILER_APPICON_NAME</key>
				<string>AppIcon</string>
				<key>ASSETCATALOG_COMPILER_LAUNCHIMAGE_NAME</key>
				<string>LaunchImage</string>
				<key>CODE_SIGN_IDENTITY</key>
				<string>iPhone Distribution</string>
				<key>CODE_SIGN_IDENTITY[sdk=iphoneos*]</key>
				<string>iPhone Distribution</string>
				<key>DEVELOPMENT_TEAM</key>
				<string></string>
				<key>ENABLE_BITCODE</key>
				<string>NO</string>
				<key>FRAMEWORK_SEARCH_PATHS</key>
				<array>
					<string>$(inherited)</string>
					<string>$(PROJECT_DIR)/WeexDemo</string>
					<string>$(PROJECT_DIR)</string>
				</array>
				<key>GCC_TREAT_WARNINGS_AS_ERRORS</key>
				<string>YES</string>
				<key>INFOPLIST_FILE</key>
				<string>WeexDemo/Info.plist</string>
				<key>IPHONEOS_DEPLOYMENT_TARGET</key>
				<string>7.0</string>
				<key>LD_RUNPATH_SEARCH_PATHS</key>
				<string>$(inherited) @executable_path/Frameworks</string>
				<key>OTHER_LDFLAGS</key>
				<array>
					<string>$(inherited)</string>
					<string>-licucore</string>
				</array>
				<key>PRODUCT_BUNDLE_IDENTIFIER</key>
				<string>com.taobao.WeexPlayground</string>
				<key>PRODUCT_NAME</key>
				<string>$(TARGET_NAME)</string>
				<key>PROVISIONING_PROFILE</key>
				<string></string>
				<key>TARGETED_DEVICE_FAMILY</key>
				<string>1</string>
			</dict>
			<key>isa</key>
			<string>XCBuildConfiguration</string>
			<key>name</key>
			<string>Release</string>
		</dict>
		<key>775BEEAB1C1E8ECC008D1629</key>
		<dict>
			<key>buildConfigurations</key>
			<array>
				<string>775BEEAC1C1E8ECC008D1629</string>
				<string>775BEEAD1C1E8ECC008D1629</string>
			</array>
			<key>defaultConfigurationIsVisible</key>
			<string>0</string>
			<key>defaultConfigurationName</key>
			<string>Debug</string>
			<key>isa</key>
			<string>XCConfigurationList</string>
		</dict>
		<key>775BEEAC1C1E8ECC008D1629</key>
		<dict>
			<key>buildSettings</key>
			<dict>
				<key>BUNDLE_LOADER</key>
				<string>$(TEST_HOST)</string>
				<key>INFOPLIST_FILE</key>
				<string>WeexDemoTests/Info.plist</string>
				<key>IPHONEOS_DEPLOYMENT_TARGET</key>
				<string>7.0</string>
				<key>LD_RUNPATH_SEARCH_PATHS</key>
				<string>$(inherited) @executable_path/Frameworks @loader_path/Frameworks</string>
				<key>PRODUCT_BUNDLE_IDENTIFIER</key>
				<string>com.taobao.WeexDemoTests</string>
				<key>PRODUCT_NAME</key>
				<string>$(TARGET_NAME)</string>
				<key>TEST_HOST</key>
				<string>$(BUILT_PRODUCTS_DIR)/WeexDemo.app/WeexDemo</string>
			</dict>
			<key>isa</key>
			<string>XCBuildConfiguration</string>
			<key>name</key>
			<string>Debug</string>
		</dict>
		<key>775BEEAD1C1E8ECC008D1629</key>
		<dict>
			<key>buildSettings</key>
			<dict>
				<key>BUNDLE_LOADER</key>
				<string>$(TEST_HOST)</string>
				<key>INFOPLIST_FILE</key>
				<string>WeexDemoTests/Info.plist</string>
				<key>IPHONEOS_DEPLOYMENT_TARGET</key>
				<string>7.0</string>
				<key>LD_RUNPATH_SEARCH_PATHS</key>
				<string>$(inherited) @executable_path/Frameworks @loader_path/Frameworks</string>
				<key>PRODUCT_BUNDLE_IDENTIFIER</key>
				<string>com.taobao.WeexDemoTests</string>
				<key>PRODUCT_NAME</key>
				<string>$(TARGET_NAME)</string>
				<key>TEST_HOST</key>
				<string>$(BUILT_PRODUCTS_DIR)/WeexDemo.app/WeexDemo</string>
			</dict>
			<key>isa</key>
			<string>XCBuildConfiguration</string>
			<key>name</key>
			<string>Release</string>
		</dict>
		<key>84361D261CA10F8E00F43825</key>
		<dict>
			<key>buildConfigurationList</key>
			<string>84361D711CA10F8E00F43825</string>
			<key>buildPhases</key>
			<array>
				<string>84361D271CA10F8E00F43825</string>
				<string>84361D291CA10F8E00F43825</string>
				<string>84361D3C1CA10F8E00F43825</string>
				<string>84361D431CA10F8E00F43825</string>
				<string>84361D6F1CA10F8E00F43825</string>
				<string>84361D701CA10F8E00F43825</string>
				<string>567369891CE436EB000A646C</string>
				<string>69F403C85394CA596E3454AC</string>
			</array>
			<key>buildRules</key>
			<array/>
			<key>dependencies</key>
			<array/>
			<key>isa</key>
			<string>PBXNativeTarget</string>
			<key>name</key>
			<string>WeexUITestDemo</string>
			<key>productName</key>
			<string>WeexDemo</string>
			<key>productReference</key>
			<string>84361D751CA10F8E00F43825</string>
			<key>productType</key>
			<string>com.apple.product-type.application</string>
		</dict>
		<key>84361D271CA10F8E00F43825</key>
		<dict>
			<key>buildActionMask</key>
			<string>2147483647</string>
			<key>files</key>
			<array/>
			<key>inputPaths</key>
			<array/>
			<key>isa</key>
			<string>PBXShellScriptBuildPhase</string>
			<key>name</key>
			<string>&#128230; Check Pods Manifest.lock</string>
			<key>outputPaths</key>
			<array/>
			<key>runOnlyForDeploymentPostprocessing</key>
			<string>0</string>
			<key>shellPath</key>
			<string>/bin/sh</string>
			<key>shellScript</key>
			<string>diff "${PODS_ROOT}/../Podfile.lock" "${PODS_ROOT}/Manifest.lock" &gt; /dev/null
if [[ $? != 0 ]] ; then
    cat &lt;&lt; EOM
error: The sandbox is not in sync with the Podfile.lock. Run 'pod install' or update your CocoaPods installation.
EOM
    exit 1
fi
</string>
			<key>showEnvVarsInLog</key>
			<string>0</string>
		</dict>
		<key>84361D291CA10F8E00F43825</key>
		<dict>
			<key>buildActionMask</key>
			<string>2147483647</string>
			<key>files</key>
			<array>
				<string>DCA812FB1D0401570029BF62</string>
				<string>DCA812FA1D0401500029BF62</string>
				<string>DCA812F91D0401420029BF62</string>
				<string>84361D2F1CA10F8E00F43825</string>
				<string>84361D331CA10F8E00F43825</string>
				<string>84361D371CA10F8E00F43825</string>
				<string>84361D381CA10F8E00F43825</string>
				<string>84361D3B1CA10F8E00F43825</string>
			</array>
			<key>isa</key>
			<string>PBXSourcesBuildPhase</string>
			<key>runOnlyForDeploymentPostprocessing</key>
			<string>0</string>
		</dict>
		<key>84361D2F1CA10F8E00F43825</key>
		<dict>
			<key>fileRef</key>
			<string>2AE88A2B1C8544E6003329DE</string>
			<key>isa</key>
			<string>PBXBuildFile</string>
		</dict>
		<key>84361D331CA10F8E00F43825</key>
		<dict>
			<key>fileRef</key>
			<string>775BEE851C1E8ECC008D1629</string>
			<key>isa</key>
			<string>PBXBuildFile</string>
		</dict>
		<key>84361D371CA10F8E00F43825</key>
		<dict>
			<key>fileRef</key>
			<string>74CC79EA1C2B9E4700829368</string>
			<key>isa</key>
			<string>PBXBuildFile</string>
		</dict>
		<key>84361D381CA10F8E00F43825</key>
		<dict>
			<key>fileRef</key>
			<string>775BEE821C1E8ECC008D1629</string>
			<key>isa</key>
			<string>PBXBuildFile</string>
		</dict>
		<key>84361D3B1CA10F8E00F43825</key>
		<dict>
			<key>fileRef</key>
			<string>775BEE7F1C1E8ECC008D1629</string>
			<key>isa</key>
			<string>PBXBuildFile</string>
		</dict>
		<key>84361D3C1CA10F8E00F43825</key>
		<dict>
			<key>buildActionMask</key>
			<string>2147483647</string>
			<key>files</key>
			<array>
				<string>84D7CAC71CE3266C00D48D46</string>
				<string>84361D421CA10F8E00F43825</string>
				<string>8A0B5EFFF75BF82EA481983D</string>
			</array>
			<key>isa</key>
			<string>PBXFrameworksBuildPhase</string>
			<key>runOnlyForDeploymentPostprocessing</key>
			<string>0</string>
		</dict>
		<key>84361D421CA10F8E00F43825</key>
		<dict>
			<key>fileRef</key>
			<string>7601607D735D7F8D88971230</string>
			<key>isa</key>
			<string>PBXBuildFile</string>
		</dict>
		<key>84361D431CA10F8E00F43825</key>
		<dict>
			<key>buildActionMask</key>
			<string>2147483647</string>
			<key>files</key>
			<array>
				<string>84361D5B1CA10F8E00F43825</string>
			</array>
			<key>isa</key>
			<string>PBXResourcesBuildPhase</string>
			<key>runOnlyForDeploymentPostprocessing</key>
			<string>0</string>
		</dict>
		<key>84361D5B1CA10F8E00F43825</key>
		<dict>
			<key>fileRef</key>
			<string>775BEE8A1C1E8ECC008D1629</string>
			<key>isa</key>
			<string>PBXBuildFile</string>
		</dict>
		<key>84361D6F1CA10F8E00F43825</key>
		<dict>
			<key>buildActionMask</key>
			<string>2147483647</string>
			<key>files</key>
			<array/>
			<key>inputPaths</key>
			<array/>
			<key>isa</key>
			<string>PBXShellScriptBuildPhase</string>
			<key>name</key>
			<string>&#128230; Copy Pods Resources</string>
			<key>outputPaths</key>
			<array/>
			<key>runOnlyForDeploymentPostprocessing</key>
			<string>0</string>
			<key>shellPath</key>
			<string>/bin/sh</string>
			<key>shellScript</key>
			<string>"${SRCROOT}/Pods/Target Support Files/Pods-WeexUITestDemo/Pods-WeexUITestDemo-resources.sh"
</string>
			<key>showEnvVarsInLog</key>
			<string>0</string>
		</dict>
		<key>84361D701CA10F8E00F43825</key>
		<dict>
			<key>buildActionMask</key>
			<string>2147483647</string>
			<key>files</key>
			<array/>
			<key>inputPaths</key>
			<array/>
			<key>isa</key>
			<string>PBXShellScriptBuildPhase</string>
			<key>name</key>
			<string>&#128230; Embed Pods Frameworks</string>
			<key>outputPaths</key>
			<array/>
			<key>runOnlyForDeploymentPostprocessing</key>
			<string>0</string>
			<key>shellPath</key>
			<string>/bin/sh</string>
			<key>shellScript</key>
			<string>"${SRCROOT}/Pods/Target Support Files/Pods-WeexUITestDemo/Pods-WeexUITestDemo-frameworks.sh"
</string>
			<key>showEnvVarsInLog</key>
			<string>0</string>
		</dict>
		<key>84361D711CA10F8E00F43825</key>
		<dict>
			<key>buildConfigurations</key>
			<array>
				<string>84361D721CA10F8E00F43825</string>
				<string>84361D741CA10F8E00F43825</string>
			</array>
			<key>defaultConfigurationIsVisible</key>
			<string>0</string>
			<key>defaultConfigurationName</key>
			<string>Debug</string>
			<key>isa</key>
			<string>XCConfigurationList</string>
		</dict>
		<key>84361D721CA10F8E00F43825</key>
		<dict>
			<key>baseConfigurationReference</key>
			<string>2278B1B1FCE894EDAF9F0171</string>
			<key>buildSettings</key>
			<dict>
				<key>ASSETCATALOG_COMPILER_APPICON_NAME</key>
				<string>AppIcon</string>
				<key>CODE_SIGN_IDENTITY</key>
				<string>iPhone Developer</string>
				<key>CODE_SIGN_IDENTITY[sdk=iphoneos*]</key>
				<string>iPhone Developer</string>
				<key>ENABLE_BITCODE</key>
				<string>NO</string>
				<key>FRAMEWORK_SEARCH_PATHS</key>
				<array>
					<string>$(inherited)</string>
					<string>$(PROJECT_DIR)/WeexDemo</string>
					<string>$(PROJECT_DIR)</string>
				</array>
				<key>GCC_GENERATE_TEST_COVERAGE_FILES</key>
				<string>YES</string>
				<key>GCC_INSTRUMENT_PROGRAM_FLOW_ARCS</key>
				<string>YES</string>
				<key>GCC_PREPROCESSOR_DEFINITIONS</key>
				<array>
					<string>$(inherited)</string>
					<string>COCOAPODS=1</string>
					<string>UITEST=1</string>
				</array>
				<key>GCC_TREAT_WARNINGS_AS_ERRORS</key>
				<string>YES</string>
				<key>INFOPLIST_FILE</key>
				<string>WeexUITestDemo-Info.plist</string>
				<key>IPHONEOS_DEPLOYMENT_TARGET</key>
				<string>7.0</string>
				<key>LD_RUNPATH_SEARCH_PATHS</key>
				<string>$(inherited) @executable_path/Frameworks</string>
				<key>MODULE_NAME</key>
				<string>NO</string>
				<key>OTHER_LDFLAGS</key>
				<array>
					<string>$(inherited)</string>
					<string>-licucore</string>
				</array>
				<key>PRODUCT_BUNDLE_IDENTIFIER</key>
				<string>com.taobao.WeexDemo.uitest</string>
				<key>PRODUCT_NAME</key>
				<string>$(TARGET_NAME)</string>
				<key>PROVISIONING_PROFILE</key>
				<string></string>
			</dict>
			<key>isa</key>
			<string>XCBuildConfiguration</string>
			<key>name</key>
			<string>Debug</string>
		</dict>
		<key>84361D741CA10F8E00F43825</key>
		<dict>
			<key>baseConfigurationReference</key>
			<string>1888E2C5769382461DEDC97D</string>
			<key>buildSettings</key>
			<dict>
				<key>ASSETCATALOG_COMPILER_APPICON_NAME</key>
				<string>AppIcon</string>
				<key>CODE_SIGN_IDENTITY</key>
				<string>iPhone Developer</string>
				<key>CODE_SIGN_IDENTITY[sdk=iphoneos*]</key>
				<string>iPhone Developer</string>
				<key>ENABLE_BITCODE</key>
				<string>NO</string>
				<key>FRAMEWORK_SEARCH_PATHS</key>
				<array>
					<string>$(inherited)</string>
					<string>$(PROJECT_DIR)/WeexDemo</string>
					<string>$(PROJECT_DIR)</string>
				</array>
				<key>GCC_GENERATE_TEST_COVERAGE_FILES</key>
				<string>YES</string>
				<key>GCC_INSTRUMENT_PROGRAM_FLOW_ARCS</key>
				<string>YES</string>
				<key>GCC_TREAT_WARNINGS_AS_ERRORS</key>
				<string>YES</string>
				<key>IPHONEOS_DEPLOYMENT_TARGET</key>
				<string>7.0</string>
				<key>LD_RUNPATH_SEARCH_PATHS</key>
				<string>$(inherited) @executable_path/Frameworks</string>
				<key>MODULE_NAME</key>
				<string>NO</string>
				<key>OTHER_LDFLAGS</key>
				<array>
					<string>$(inherited)</string>
					<string>-licucore</string>
				</array>
				<key>PRODUCT_BUNDLE_IDENTIFIER</key>
				<string>com.taobao.WeexDemo.uitest</string>
				<key>PRODUCT_NAME</key>
				<string>$(TARGET_NAME)</string>
				<key>PROVISIONING_PROFILE</key>
				<string></string>
			</dict>
			<key>isa</key>
			<string>XCBuildConfiguration</string>
			<key>name</key>
			<string>Release</string>
		</dict>
		<key>84361D751CA10F8E00F43825</key>
		<dict>
			<key>explicitFileType</key>
			<string>wrapper.application</string>
			<key>includeInIndex</key>
			<string>0</string>
			<key>isa</key>
			<string>PBXFileReference</string>
			<key>path</key>
			<string>WeexUITestDemo.app</string>
			<key>sourceTree</key>
			<string>BUILT_PRODUCTS_DIR</string>
		</dict>
		<key>84D7CAC71CE3266C00D48D46</key>
		<dict>
			<key>fileRef</key>
			<string>7475ACA01CD8444A0044E96C</string>
			<key>isa</key>
			<string>PBXBuildFile</string>
		</dict>
		<key>8A0B5EFFF75BF82EA481983D</key>
		<dict>
			<key>fileRef</key>
			<string>E48C20F443AA337D1FE97622</string>
			<key>isa</key>
			<string>PBXBuildFile</string>
		</dict>
		<key>9420131417A731ED089B0814</key>
		<dict>
			<key>includeInIndex</key>
			<string>1</string>
			<key>isa</key>
			<string>PBXFileReference</string>
			<key>lastKnownFileType</key>
			<string>text.xcconfig</string>
			<key>name</key>
			<string>Pods-WeexDemo.release.xcconfig</string>
			<key>path</key>
			<string>Pods/Target Support Files/Pods-WeexDemo/Pods-WeexDemo.release.xcconfig</string>
			<key>sourceTree</key>
			<string>&lt;group&gt;</string>
		</dict>
		<key>A9E45DD060512F73B9F51C03</key>
		<dict>
			<key>children</key>
			<array>
				<string>5AF8846546DAC65CAC038806</string>
				<string>9420131417A731ED089B0814</string>
				<string>22E4D2883CC56188A2CA9C13</string>
				<string>2278B1B1FCE894EDAF9F0171</string>
				<string>1888E2C5769382461DEDC97D</string>
			</array>
			<key>isa</key>
			<string>PBXGroup</string>
			<key>name</key>
			<string>Pods</string>
			<key>sourceTree</key>
			<string>&lt;group&gt;</string>
		</dict>
		<key>B2862FAD01216B6EFCE5C985</key>
		<dict>
			<key>buildActionMask</key>
			<string>2147483647</string>
			<key>files</key>
			<array/>
			<key>inputPaths</key>
			<array/>
			<key>isa</key>
			<string>PBXShellScriptBuildPhase</string>
			<key>name</key>
			<string>Embed Pods Frameworks</string>
			<key>outputPaths</key>
			<array/>
			<key>runOnlyForDeploymentPostprocessing</key>
			<string>0</string>
			<key>shellPath</key>
			<string>/bin/sh</string>
			<key>shellScript</key>
			<string>"${SRCROOT}/Pods/Target Support Files/Pods-WeexDemo/Pods-WeexDemo-frameworks.sh"
</string>
			<key>showEnvVarsInLog</key>
			<string>0</string>
		</dict>
		<key>D5ADF0861C77133B00597CA6</key>
		<dict>
			<key>children</key>
			<array>
				<string>2AE88A291C8544D7003329DE</string>
				<string>DCABAFED1D029642001C8592</string>
				<string>74CC79E91C2B9E4700829368</string>
				<string>74CC79EA1C2B9E4700829368</string>
				<string>775BEE811C1E8ECC008D1629</string>
				<string>775BEE821C1E8ECC008D1629</string>
				<string>775BEE841C1E8ECC008D1629</string>
				<string>775BEE851C1E8ECC008D1629</string>
				<string>7453E3641C9FA971001EB427</string>
			</array>
			<key>isa</key>
			<string>PBXGroup</string>
			<key>name</key>
			<string>Source</string>
			<key>sourceTree</key>
			<string>&lt;group&gt;</string>
		</dict>
		<key>DC5E503C1D0D97130059F0EB</key>
		<dict>
			<key>isa</key>
			<string>PBXFileReference</string>
			<key>lastKnownFileType</key>
			<string>image.png</string>
			<key>path</key>
			<string>weex.png</string>
			<key>sourceTree</key>
			<string>&lt;group&gt;</string>
		</dict>
		<key>DC5E503D1D0D97130059F0EB</key>
		<dict>
			<key>isa</key>
			<string>PBXFileReference</string>
			<key>lastKnownFileType</key>
			<string>image.png</string>
			<key>path</key>
			<string>weex@2x.png</string>
			<key>sourceTree</key>
			<string>&lt;group&gt;</string>
		</dict>
		<key>DC5E503E1D0D97130059F0EB</key>
		<dict>
			<key>fileRef</key>
			<string>DC5E503C1D0D97130059F0EB</string>
			<key>isa</key>
			<string>PBXBuildFile</string>
		</dict>
		<key>DC5E503F1D0D97130059F0EB</key>
		<dict>
			<key>fileRef</key>
			<string>DC5E503D1D0D97130059F0EB</string>
			<key>isa</key>
			<string>PBXBuildFile</string>
		</dict>
		<key>DC65C4421CEB006C00B2F84F</key>
		<dict>
			<key>children</key>
			<array>
				<string>DCD286DF1CF491AC00C601CA</string>
				<string>DC5E503C1D0D97130059F0EB</string>
				<string>DC5E503D1D0D97130059F0EB</string>
				<string>DC65C4F91CEB032F00B2F84F</string>
			</array>
			<key>isa</key>
			<string>PBXGroup</string>
			<key>name</key>
			<string>resource</string>
			<key>sourceTree</key>
			<string>&lt;group&gt;</string>
		</dict>
		<key>DC65C4F91CEB032F00B2F84F</key>
		<dict>
			<key>isa</key>
			<string>PBXFileReference</string>
			<key>lastKnownFileType</key>
			<string>folder</string>
			<key>path</key>
			<string>bundlejs</string>
			<key>sourceTree</key>
			<string>&lt;group&gt;</string>
		</dict>
		<key>DC65C4FA1CEB032F00B2F84F</key>
		<dict>
			<key>fileRef</key>
			<string>DC65C4F91CEB032F00B2F84F</string>
			<key>isa</key>
			<string>PBXBuildFile</string>
		</dict>
		<key>DC6DD9D21CFE9BC400549297</key>
		<dict>
			<key>fileRef</key>
			<string>7475ACA01CD8444A0044E96C</string>
			<key>isa</key>
			<string>PBXBuildFile</string>
		</dict>
		<key>DCA812F91D0401420029BF62</key>
		<dict>
			<key>fileRef</key>
			<string>DCABAFFA1D029748001C8592</string>
			<key>isa</key>
			<string>PBXBuildFile</string>
		</dict>
		<key>DCA812FA1D0401500029BF62</key>
		<dict>
			<key>fileRef</key>
			<string>DCABB0001D02975E001C8592</string>
			<key>isa</key>
			<string>PBXBuildFile</string>
		</dict>
		<key>DCA812FB1D0401570029BF62</key>
		<dict>
			<key>fileRef</key>
			<string>DCABAFFD1D029753001C8592</string>
			<key>isa</key>
			<string>PBXBuildFile</string>
		</dict>
		<key>DCABAFED1D029642001C8592</key>
		<dict>
			<key>children</key>
			<array>
				<string>DCABAFEF1D029685001C8592</string>
				<string>DCABAFF01D029685001C8592</string>
				<string>DCABAFF11D029685001C8592</string>
				<string>DCABAFF21D029685001C8592</string>
			</array>
			<key>isa</key>
			<string>PBXGroup</string>
			<key>name</key>
			<string>debug</string>
			<key>sourceTree</key>
			<string>&lt;group&gt;</string>
		</dict>
		<key>DCABAFEF1D029685001C8592</key>
		<dict>
			<key>fileEncoding</key>
			<string>4</string>
			<key>isa</key>
			<string>PBXFileReference</string>
			<key>lastKnownFileType</key>
			<string>sourcecode.c.h</string>
			<key>name</key>
			<string>WXATLoggerPlugin.h</string>
			<key>path</key>
			<string>debug/WXATLoggerPlugin.h</string>
			<key>sourceTree</key>
			<string>&lt;group&gt;</string>
		</dict>
		<key>DCABAFF01D029685001C8592</key>
		<dict>
			<key>fileEncoding</key>
			<string>4</string>
			<key>isa</key>
			<string>PBXFileReference</string>
			<key>lastKnownFileType</key>
			<string>sourcecode.c.objc</string>
			<key>name</key>
			<string>WXATLoggerPlugin.m</string>
			<key>path</key>
			<string>debug/WXATLoggerPlugin.m</string>
			<key>sourceTree</key>
			<string>&lt;group&gt;</string>
		</dict>
		<key>DCABAFF11D029685001C8592</key>
		<dict>
			<key>fileEncoding</key>
			<string>4</string>
			<key>isa</key>
			<string>PBXFileReference</string>
			<key>lastKnownFileType</key>
			<string>sourcecode.c.h</string>
			<key>name</key>
			<string>WXATViewHierarchyPlugin.h</string>
			<key>path</key>
			<string>debug/WXATViewHierarchyPlugin.h</string>
			<key>sourceTree</key>
			<string>&lt;group&gt;</string>
		</dict>
		<key>DCABAFF21D029685001C8592</key>
		<dict>
			<key>fileEncoding</key>
			<string>4</string>
			<key>isa</key>
			<string>PBXFileReference</string>
			<key>lastKnownFileType</key>
			<string>sourcecode.c.objc</string>
			<key>name</key>
			<string>WXATViewHierarchyPlugin.m</string>
			<key>path</key>
			<string>debug/WXATViewHierarchyPlugin.m</string>
			<key>sourceTree</key>
			<string>&lt;group&gt;</string>
		</dict>
		<key>DCABAFF31D029685001C8592</key>
		<dict>
			<key>fileRef</key>
			<string>DCABAFF01D029685001C8592</string>
			<key>isa</key>
			<string>PBXBuildFile</string>
		</dict>
		<key>DCABAFF41D029685001C8592</key>
		<dict>
			<key>fileRef</key>
			<string>DCABAFF21D029685001C8592</string>
			<key>isa</key>
			<string>PBXBuildFile</string>
		</dict>
		<key>DCABAFF51D0296DB001C8592</key>
		<dict>
			<key>children</key>
			<array>
				<string>DCABAFF81D029716001C8592</string>
				<string>DCABAFF71D0296E8001C8592</string>
				<string>DCABAFF61D0296E2001C8592</string>
			</array>
			<key>isa</key>
			<string>PBXGroup</string>
			<key>name</key>
			<string>extend</string>
			<key>sourceTree</key>
			<string>&lt;group&gt;</string>
		</dict>
		<key>DCABAFF61D0296E2001C8592</key>
		<dict>
			<key>children</key>
			<array>
				<string>DCABAFFF1D02975E001C8592</string>
				<string>DCABB0001D02975E001C8592</string>
				<string>7478481C1E0CD4910044500D</string>
				<string>7478481D1E0CD4910044500D</string>
			</array>
			<key>isa</key>
			<string>PBXGroup</string>
			<key>name</key>
			<string>module</string>
			<key>sourceTree</key>
			<string>&lt;group&gt;</string>
		</dict>
		<key>DCABAFF71D0296E8001C8592</key>
		<dict>
			<key>children</key>
			<array>
				<string>DCABAFFC1D029753001C8592</string>
				<string>DCABAFFD1D029753001C8592</string>
			</array>
			<key>isa</key>
			<string>PBXGroup</string>
			<key>name</key>
			<string>handler</string>
			<key>sourceTree</key>
			<string>&lt;group&gt;</string>
		</dict>
		<key>DCABAFF81D029716001C8592</key>
		<dict>
			<key>children</key>
			<array>
				<string>DCABAFF91D029748001C8592</string>
				<string>DCABAFFA1D029748001C8592</string>
			</array>
			<key>isa</key>
			<string>PBXGroup</string>
			<key>name</key>
			<string>component</string>
			<key>sourceTree</key>
			<string>&lt;group&gt;</string>
		</dict>
		<key>DCABAFF91D029748001C8592</key>
		<dict>
			<key>fileEncoding</key>
			<string>4</string>
			<key>isa</key>
			<string>PBXFileReference</string>
			<key>lastKnownFileType</key>
			<string>sourcecode.c.h</string>
			<key>name</key>
			<string>WXSelectComponent.h</string>
			<key>path</key>
			<string>extend/component/WXSelectComponent.h</string>
			<key>sourceTree</key>
			<string>&lt;group&gt;</string>
		</dict>
		<key>DCABAFFA1D029748001C8592</key>
		<dict>
			<key>fileEncoding</key>
			<string>4</string>
			<key>isa</key>
			<string>PBXFileReference</string>
			<key>lastKnownFileType</key>
			<string>sourcecode.c.objc</string>
			<key>name</key>
			<string>WXSelectComponent.m</string>
			<key>path</key>
			<string>extend/component/WXSelectComponent.m</string>
			<key>sourceTree</key>
			<string>&lt;group&gt;</string>
		</dict>
		<key>DCABAFFC1D029753001C8592</key>
		<dict>
			<key>fileEncoding</key>
			<string>4</string>
			<key>isa</key>
			<string>PBXFileReference</string>
			<key>lastKnownFileType</key>
			<string>sourcecode.c.h</string>
			<key>name</key>
			<string>WXImgLoaderDefaultImpl.h</string>
			<key>path</key>
			<string>extend/handler/WXImgLoaderDefaultImpl.h</string>
			<key>sourceTree</key>
			<string>&lt;group&gt;</string>
		</dict>
		<key>DCABAFFD1D029753001C8592</key>
		<dict>
			<key>fileEncoding</key>
			<string>4</string>
			<key>isa</key>
			<string>PBXFileReference</string>
			<key>lastKnownFileType</key>
			<string>sourcecode.c.objc</string>
			<key>name</key>
			<string>WXImgLoaderDefaultImpl.m</string>
			<key>path</key>
			<string>extend/handler/WXImgLoaderDefaultImpl.m</string>
			<key>sourceTree</key>
			<string>&lt;group&gt;</string>
		</dict>
		<key>DCABAFFE1D029753001C8592</key>
		<dict>
			<key>fileRef</key>
			<string>DCABAFFD1D029753001C8592</string>
			<key>isa</key>
			<string>PBXBuildFile</string>
		</dict>
		<key>DCABAFFF1D02975E001C8592</key>
		<dict>
			<key>fileEncoding</key>
			<string>4</string>
			<key>isa</key>
			<string>PBXFileReference</string>
			<key>lastKnownFileType</key>
			<string>sourcecode.c.h</string>
			<key>name</key>
			<string>WXEventModule.h</string>
			<key>path</key>
			<string>extend/module/WXEventModule.h</string>
			<key>sourceTree</key>
			<string>&lt;group&gt;</string>
		</dict>
		<key>DCABB0001D02975E001C8592</key>
		<dict>
			<key>fileEncoding</key>
			<string>4</string>
			<key>isa</key>
			<string>PBXFileReference</string>
			<key>lastKnownFileType</key>
			<string>sourcecode.c.objc</string>
			<key>name</key>
			<string>WXEventModule.m</string>
			<key>path</key>
			<string>extend/module/WXEventModule.m</string>
			<key>sourceTree</key>
			<string>&lt;group&gt;</string>
		</dict>
		<key>DCABB0011D02975E001C8592</key>
		<dict>
			<key>fileRef</key>
			<string>DCABB0001D02975E001C8592</string>
			<key>isa</key>
			<string>PBXBuildFile</string>
		</dict>
		<key>DCD286DF1CF491AC00C601CA</key>
		<dict>
			<key>isa</key>
			<string>PBXFileReference</string>
			<key>lastKnownFileType</key>
			<string>image.png</string>
			<key>name</key>
			<string>weex-icon.png</string>
			<key>path</key>
			<string>WeexDemo/weex-icon.png</string>
			<key>sourceTree</key>
			<string>&lt;group&gt;</string>
		</dict>
		<key>DCD286E01CF491AC00C601CA</key>
		<dict>
			<key>fileRef</key>
			<string>DCD286DF1CF491AC00C601CA</string>
			<key>isa</key>
			<string>PBXBuildFile</string>
		</dict>
		<key>E48C20F443AA337D1FE97622</key>
		<dict>
			<key>explicitFileType</key>
			<string>archive.ar</string>
			<key>includeInIndex</key>
			<string>0</string>
			<key>isa</key>
			<string>PBXFileReference</string>
			<key>path</key>
			<string>libPods-WeexUITestDemo.a</string>
			<key>sourceTree</key>
			<string>BUILT_PRODUCTS_DIR</string>
		</dict>
		<key>EAEC716BE3E43DBC8494EC51</key>
		<dict>
			<key>fileRef</key>
			<string>7601607D735D7F8D88971230</string>
			<key>isa</key>
			<string>PBXBuildFile</string>
		</dict>
	</dict>
	<key>rootObject</key>
	<string>775BEE731C1E8ECC008D1629</string>
</dict>
</plist>
