// !$*UTF8*$!
{
	archiveVersion = 1;
	classes = {
	};
	objectVersion = 50;
	objects = {

/* Begin PBXBuildFile section */
		98526E7920F7956400CDE180 /* main.mm in Sources */ = {isa = PBXBuildFile; fileRef = 98526E7820F7956400CDE180 /* main.mm */; };
		985270A020F796F700CDE180 /* string_table.cc in Sources */ = {isa = PBXBuildFile; fileRef = 98526FBA20F796F700CDE180 /* string_table.cc */; };
		985270A120F796F700CDE180 /* code_generator.cc in Sources */ = {isa = PBXBuildFile; fileRef = 98526FBC20F796F700CDE180 /* code_generator.cc */; };
		985270A220F796F700CDE180 /* op_code.cc in Sources */ = {isa = PBXBuildFile; fileRef = 98526FBD20F796F700CDE180 /* op_code.cc */; };
		985270A320F796F700CDE180 /* ast_factory.cc in Sources */ = {isa = PBXBuildFile; fileRef = 98526FBE20F796F700CDE180 /* ast_factory.cc */; };
		985270A420F796F700CDE180 /* parser.cc in Sources */ = {isa = PBXBuildFile; fileRef = 98526FC020F796F700CDE180 /* parser.cc */; };
		985270A520F796F700CDE180 /* vnode.cc in Sources */ = {isa = PBXBuildFile; fileRef = 98526FC320F796F700CDE180 /* vnode.cc */; };
		985270A620F796F700CDE180 /* vnode_render_manager.cc in Sources */ = {isa = PBXBuildFile; fileRef = 98526FC420F796F700CDE180 /* vnode_render_manager.cc */; };
		985270A720F796F700CDE180 /* ast.cc in Sources */ = {isa = PBXBuildFile; fileRef = 98526FC720F796F700CDE180 /* ast.cc */; };
		985270A820F796F700CDE180 /* statement.cc in Sources */ = {isa = PBXBuildFile; fileRef = 98526FC920F796F700CDE180 /* statement.cc */; };
		985270A920F796F700CDE180 /* vm.cc in Sources */ = {isa = PBXBuildFile; fileRef = 98526FCA20F796F700CDE180 /* vm.cc */; };
		985270AA20F796F700CDE180 /* json11.cc in Sources */ = {isa = PBXBuildFile; fileRef = 98526FCF20F796F700CDE180 /* json11.cc */; };
		985270AB20F796F700CDE180 /* token.cc in Sources */ = {isa = PBXBuildFile; fileRef = 98526FD720F796F700CDE180 /* token.cc */; };
		985270AC20F796F700CDE180 /* exec_state.cc in Sources */ = {isa = PBXBuildFile; fileRef = 98526FD820F796F700CDE180 /* exec_state.cc */; };
		985270AD20F796F700CDE180 /* render_performance.cpp in Sources */ = {isa = PBXBuildFile; fileRef = 98526FDA20F796F700CDE180 /* render_performance.cpp */; };
		985270AE20F796F700CDE180 /* css_value_getter.cpp in Sources */ = {isa = PBXBuildFile; fileRef = 98526FDF20F796F700CDE180 /* css_value_getter.cpp */; };
		985270AF20F796F700CDE180 /* core_environment.cpp in Sources */ = {isa = PBXBuildFile; fileRef = 98526FE220F796F700CDE180 /* core_environment.cpp */; };
		985270B020F796F700CDE180 /* bridge.cpp in Sources */ = {isa = PBXBuildFile; fileRef = 98526FE720F796F700CDE180 /* bridge.cpp */; };
		985270B120F796F700CDE180 /* js_bridge.cpp in Sources */ = {isa = PBXBuildFile; fileRef = 98526FE820F796F700CDE180 /* js_bridge.cpp */; };
		985270B220F796F700CDE180 /* style.cpp in Sources */ = {isa = PBXBuildFile; fileRef = 98526FEC20F796F700CDE180 /* style.cpp */; };
		985270B320F796F700CDE180 /* layout.cpp in Sources */ = {isa = PBXBuildFile; fileRef = 98526FED20F796F700CDE180 /* layout.cpp */; };
		985270B420F796F700CDE180 /* render_page.cpp in Sources */ = {isa = PBXBuildFile; fileRef = 98526FF420F796F700CDE180 /* render_page.cpp */; };
		985270B520F796F700CDE180 /* render_manager.cpp in Sources */ = {isa = PBXBuildFile; fileRef = 98526FF720F796F700CDE180 /* render_manager.cpp */; };
		985270B620F796F700CDE180 /* render_action_update_attr.cpp in Sources */ = {isa = PBXBuildFile; fileRef = 98526FFD20F796F700CDE180 /* render_action_update_attr.cpp */; };
		985270B720F796F700CDE180 /* render_action_layout.cpp in Sources */ = {isa = PBXBuildFile; fileRef = 98526FFE20F796F700CDE180 /* render_action_layout.cpp */; };
		985270B820F796F700CDE180 /* render_action_update_style.cpp in Sources */ = {isa = PBXBuildFile; fileRef = 9852700120F796F700CDE180 /* render_action_update_style.cpp */; };
		985270B920F796F700CDE180 /* render_action_remove_element.cpp in Sources */ = {isa = PBXBuildFile; fileRef = 9852700320F796F700CDE180 /* render_action_remove_element.cpp */; };
		985270BA20F796F700CDE180 /* render_action_add_event.cpp in Sources */ = {isa = PBXBuildFile; fileRef = 9852700520F796F700CDE180 /* render_action_add_event.cpp */; };
		985270BB20F796F700CDE180 /* render_action_remove_event.cpp in Sources */ = {isa = PBXBuildFile; fileRef = 9852700720F796F700CDE180 /* render_action_remove_event.cpp */; };
		985270BC20F796F700CDE180 /* render_action_move_element.cpp in Sources */ = {isa = PBXBuildFile; fileRef = 9852700820F796F700CDE180 /* render_action_move_element.cpp */; };
		985270BD20F796F700CDE180 /* render_action_add_element.cpp in Sources */ = {isa = PBXBuildFile; fileRef = 9852700920F796F700CDE180 /* render_action_add_element.cpp */; };
		985270BE20F796F700CDE180 /* render_action_createbody.cpp in Sources */ = {isa = PBXBuildFile; fileRef = 9852700B20F796F700CDE180 /* render_action_createbody.cpp */; };
		985270BF20F796F700CDE180 /* render_action_createfinish.cpp in Sources */ = {isa = PBXBuildFile; fileRef = 9852700C20F796F700CDE180 /* render_action_createfinish.cpp */; };
		985270C020F796F700CDE180 /* render_action_appendtree_createfinish.cpp in Sources */ = {isa = PBXBuildFile; fileRef = 9852701020F796F700CDE180 /* render_action_appendtree_createfinish.cpp */; };
		985270C120F796F700CDE180 /* render_text.cpp in Sources */ = {isa = PBXBuildFile; fileRef = 9852701320F796F700CDE180 /* render_text.cpp */; };
		985270C220F796F700CDE180 /* render_mask.cpp in Sources */ = {isa = PBXBuildFile; fileRef = 9852701420F796F700CDE180 /* render_mask.cpp */; };
		985270C320F796F700CDE180 /* render_scroller.cpp in Sources */ = {isa = PBXBuildFile; fileRef = 9852701520F796F700CDE180 /* render_scroller.cpp */; };
		985270C420F796F700CDE180 /* render_object.cpp in Sources */ = {isa = PBXBuildFile; fileRef = 9852701920F796F700CDE180 /* render_object.cpp */; };
		985270C520F796F700CDE180 /* render_appbar.cpp in Sources */ = {isa = PBXBuildFile; fileRef = 9852701A20F796F700CDE180 /* render_appbar.cpp */; };
		985270C620F796F700CDE180 /* render_list.cpp in Sources */ = {isa = PBXBuildFile; fileRef = 9852701B20F796F700CDE180 /* render_list.cpp */; };
		985270C720F796F700CDE180 /* render_creator.cpp in Sources */ = {isa = PBXBuildFile; fileRef = 9852702420F796F700CDE180 /* render_creator.cpp */; };
		985270C820F796F700CDE180 /* dom_wson.cpp in Sources */ = {isa = PBXBuildFile; fileRef = 9852702E20F796F700CDE180 /* dom_wson.cpp */; };
		985270C920F796F700CDE180 /* weex_core_manager.cpp in Sources */ = {isa = PBXBuildFile; fileRef = 9852703020F796F700CDE180 /* weex_core_manager.cpp */; };
		985270DD20F796F700CDE180 /* wson.c in Sources */ = {isa = PBXBuildFile; fileRef = 9852707620F796F700CDE180 /* wson.c */; };
		985270DE20F796F700CDE180 /* wson_util.cpp in Sources */ = {isa = PBXBuildFile; fileRef = 9852707820F796F700CDE180 /* wson_util.cpp */; };
		985270DF20F796F700CDE180 /* wson_parser.cpp in Sources */ = {isa = PBXBuildFile; fileRef = 9852707920F796F700CDE180 /* wson_parser.cpp */; };
/* End PBXBuildFile section */

/* Begin PBXCopyFilesBuildPhase section */
		98526E7320F7956400CDE180 /* CopyFiles */ = {
			isa = PBXCopyFilesBuildPhase;
			buildActionMask = 2147483647;
			dstPath = /usr/share/man/man1/;
			dstSubfolderSpec = 0;
			files = (
			);
			runOnlyForDeploymentPostprocessing = 1;
		};
/* End PBXCopyFilesBuildPhase section */

/* Begin PBXFileReference section */
		98526E7520F7956400CDE180 /* WeexAST */ = {isa = PBXFileReference; explicitFileType = "compiled.mach-o.executable"; includeInIndex = 0; path = WeexAST; sourceTree = BUILT_PRODUCTS_DIR; };
		98526E7820F7956400CDE180 /* main.mm */ = {isa = PBXFileReference; lastKnownFileType = sourcecode.cpp.objcpp; path = main.mm; sourceTree = "<group>"; };
		98526FB620F796F700CDE180 /* weexjsc_version_script.txt */ = {isa = PBXFileReference; fileEncoding = 4; lastKnownFileType = text; path = weexjsc_version_script.txt; sourceTree = "<group>"; };
		98526FB720F796F700CDE180 /* CMakeLists.txt */ = {isa = PBXFileReference; fileEncoding = 4; lastKnownFileType = text; path = CMakeLists.txt; sourceTree = "<group>"; };
		98526FBA20F796F700CDE180 /* string_table.cc */ = {isa = PBXFileReference; fileEncoding = 4; lastKnownFileType = sourcecode.cpp.cpp; path = string_table.cc; sourceTree = "<group>"; };
		98526FBB20F796F700CDE180 /* code_generator.h */ = {isa = PBXFileReference; fileEncoding = 4; lastKnownFileType = sourcecode.c.h; path = code_generator.h; sourceTree = "<group>"; };
		98526FBC20F796F700CDE180 /* code_generator.cc */ = {isa = PBXFileReference; fileEncoding = 4; lastKnownFileType = sourcecode.cpp.cpp; path = code_generator.cc; sourceTree = "<group>"; };
		98526FBD20F796F700CDE180 /* op_code.cc */ = {isa = PBXFileReference; fileEncoding = 4; lastKnownFileType = sourcecode.cpp.cpp; path = op_code.cc; sourceTree = "<group>"; };
		98526FBE20F796F700CDE180 /* ast_factory.cc */ = {isa = PBXFileReference; fileEncoding = 4; lastKnownFileType = sourcecode.cpp.cpp; path = ast_factory.cc; sourceTree = "<group>"; };
		98526FBF20F796F700CDE180 /* parser.h */ = {isa = PBXFileReference; fileEncoding = 4; lastKnownFileType = sourcecode.c.h; path = parser.h; sourceTree = "<group>"; };
		98526FC020F796F700CDE180 /* parser.cc */ = {isa = PBXFileReference; fileEncoding = 4; lastKnownFileType = sourcecode.cpp.cpp; path = parser.cc; sourceTree = "<group>"; };
		98526FC220F796F700CDE180 /* vnode.h */ = {isa = PBXFileReference; fileEncoding = 4; lastKnownFileType = sourcecode.c.h; path = vnode.h; sourceTree = "<group>"; };
		98526FC320F796F700CDE180 /* vnode.cc */ = {isa = PBXFileReference; fileEncoding = 4; lastKnownFileType = sourcecode.cpp.cpp; path = vnode.cc; sourceTree = "<group>"; };
		98526FC420F796F700CDE180 /* vnode_render_manager.cc */ = {isa = PBXFileReference; fileEncoding = 4; lastKnownFileType = sourcecode.cpp.cpp; path = vnode_render_manager.cc; sourceTree = "<group>"; };
		98526FC520F796F700CDE180 /* vnode_render_manager.h */ = {isa = PBXFileReference; fileEncoding = 4; lastKnownFileType = sourcecode.c.h; path = vnode_render_manager.h; sourceTree = "<group>"; };
		98526FC620F796F700CDE180 /* ast_factory.h */ = {isa = PBXFileReference; fileEncoding = 4; lastKnownFileType = sourcecode.c.h; path = ast_factory.h; sourceTree = "<group>"; };
		98526FC720F796F700CDE180 /* ast.cc */ = {isa = PBXFileReference; fileEncoding = 4; lastKnownFileType = sourcecode.cpp.cpp; path = ast.cc; sourceTree = "<group>"; };
		98526FC820F796F700CDE180 /* statement.h */ = {isa = PBXFileReference; fileEncoding = 4; lastKnownFileType = sourcecode.c.h; path = statement.h; sourceTree = "<group>"; };
		98526FC920F796F700CDE180 /* statement.cc */ = {isa = PBXFileReference; fileEncoding = 4; lastKnownFileType = sourcecode.cpp.cpp; path = statement.cc; sourceTree = "<group>"; };
		98526FCA20F796F700CDE180 /* vm.cc */ = {isa = PBXFileReference; fileEncoding = 4; lastKnownFileType = sourcecode.cpp.cpp; path = vm.cc; sourceTree = "<group>"; };
		98526FCB20F796F700CDE180 /* string_table.h */ = {isa = PBXFileReference; fileEncoding = 4; lastKnownFileType = sourcecode.c.h; path = string_table.h; sourceTree = "<group>"; };
		98526FCC20F796F700CDE180 /* ast.h */ = {isa = PBXFileReference; fileEncoding = 4; lastKnownFileType = sourcecode.c.h; path = ast.h; sourceTree = "<group>"; };
		98526FCE20F796F700CDE180 /* json11.hpp */ = {isa = PBXFileReference; fileEncoding = 4; lastKnownFileType = sourcecode.cpp.h; path = json11.hpp; sourceTree = "<group>"; };
		98526FCF20F796F700CDE180 /* json11.cc */ = {isa = PBXFileReference; fileEncoding = 4; lastKnownFileType = sourcecode.cpp.cpp; path = json11.cc; sourceTree = "<group>"; };
		98526FD020F796F700CDE180 /* macros.h */ = {isa = PBXFileReference; fileEncoding = 4; lastKnownFileType = sourcecode.c.h; path = macros.h; sourceTree = "<group>"; };
		98526FD120F796F700CDE180 /* handle.h */ = {isa = PBXFileReference; fileEncoding = 4; lastKnownFileType = sourcecode.c.h; path = handle.h; sourceTree = "<group>"; };
		98526FD220F796F700CDE180 /* exec_state.h */ = {isa = PBXFileReference; fileEncoding = 4; lastKnownFileType = sourcecode.c.h; path = exec_state.h; sourceTree = "<group>"; };
		98526FD320F796F700CDE180 /* token.h */ = {isa = PBXFileReference; fileEncoding = 4; lastKnownFileType = sourcecode.c.h; path = token.h; sourceTree = "<group>"; };
		98526FD420F796F700CDE180 /* vm.h */ = {isa = PBXFileReference; fileEncoding = 4; lastKnownFileType = sourcecode.c.h; path = vm.h; sourceTree = "<group>"; };
		98526FD520F796F700CDE180 /* op_code.h */ = {isa = PBXFileReference; fileEncoding = 4; lastKnownFileType = sourcecode.c.h; path = op_code.h; sourceTree = "<group>"; };
		98526FD620F796F700CDE180 /* ast_visitor.h */ = {isa = PBXFileReference; fileEncoding = 4; lastKnownFileType = sourcecode.c.h; path = ast_visitor.h; sourceTree = "<group>"; };
		98526FD720F796F700CDE180 /* token.cc */ = {isa = PBXFileReference; fileEncoding = 4; lastKnownFileType = sourcecode.cpp.cpp; path = token.cc; sourceTree = "<group>"; };
		98526FD820F796F700CDE180 /* exec_state.cc */ = {isa = PBXFileReference; fileEncoding = 4; lastKnownFileType = sourcecode.cpp.cpp; path = exec_state.cc; sourceTree = "<group>"; };
		98526FDA20F796F700CDE180 /* render_performance.cpp */ = {isa = PBXFileReference; fileEncoding = 4; lastKnownFileType = sourcecode.cpp.cpp; path = render_performance.cpp; sourceTree = "<group>"; };
		98526FDB20F796F700CDE180 /* render_performance.h */ = {isa = PBXFileReference; fileEncoding = 4; lastKnownFileType = sourcecode.c.h; path = render_performance.h; sourceTree = "<group>"; };
		98526FDD20F796F700CDE180 /* constants_name.h */ = {isa = PBXFileReference; fileEncoding = 4; lastKnownFileType = sourcecode.c.h; path = constants_name.h; sourceTree = "<group>"; };
		98526FDE20F796F700CDE180 /* constants_value.h */ = {isa = PBXFileReference; fileEncoding = 4; lastKnownFileType = sourcecode.c.h; path = constants_value.h; sourceTree = "<group>"; };
		98526FDF20F796F700CDE180 /* css_value_getter.cpp */ = {isa = PBXFileReference; fileEncoding = 4; lastKnownFileType = sourcecode.cpp.cpp; path = css_value_getter.cpp; sourceTree = "<group>"; };
		98526FE020F796F700CDE180 /* css_value_getter.h */ = {isa = PBXFileReference; fileEncoding = 4; lastKnownFileType = sourcecode.c.h; path = css_value_getter.h; sourceTree = "<group>"; };
		98526FE220F796F700CDE180 /* core_environment.cpp */ = {isa = PBXFileReference; fileEncoding = 4; lastKnownFileType = sourcecode.cpp.cpp; path = core_environment.cpp; sourceTree = "<group>"; };
		98526FE320F796F700CDE180 /* core_environment.h */ = {isa = PBXFileReference; fileEncoding = 4; lastKnownFileType = sourcecode.c.h; path = core_environment.h; sourceTree = "<group>"; };
		98526FE520F796F700CDE180 /* bridge.h */ = {isa = PBXFileReference; fileEncoding = 4; lastKnownFileType = sourcecode.c.h; path = bridge.h; sourceTree = "<group>"; };
		98526FE620F796F700CDE180 /* js_bridge.h */ = {isa = PBXFileReference; fileEncoding = 4; lastKnownFileType = sourcecode.c.h; path = js_bridge.h; sourceTree = "<group>"; };
		98526FE720F796F700CDE180 /* bridge.cpp */ = {isa = PBXFileReference; fileEncoding = 4; lastKnownFileType = sourcecode.cpp.cpp; path = bridge.cpp; sourceTree = "<group>"; };
		98526FE820F796F700CDE180 /* js_bridge.cpp */ = {isa = PBXFileReference; fileEncoding = 4; lastKnownFileType = sourcecode.cpp.cpp; path = js_bridge.cpp; sourceTree = "<group>"; };
		98526FEA20F796F700CDE180 /* measure_func_adapter.h */ = {isa = PBXFileReference; fileEncoding = 4; lastKnownFileType = sourcecode.c.h; path = measure_func_adapter.h; sourceTree = "<group>"; };
		98526FEB20F796F700CDE180 /* style.h */ = {isa = PBXFileReference; fileEncoding = 4; lastKnownFileType = sourcecode.c.h; path = style.h; sourceTree = "<group>"; };
		98526FEC20F796F700CDE180 /* style.cpp */ = {isa = PBXFileReference; fileEncoding = 4; lastKnownFileType = sourcecode.cpp.cpp; path = style.cpp; sourceTree = "<group>"; };
		98526FED20F796F700CDE180 /* layout.cpp */ = {isa = PBXFileReference; fileEncoding = 4; lastKnownFileType = sourcecode.cpp.cpp; path = layout.cpp; sourceTree = "<group>"; };
		98526FEE20F796F700CDE180 /* measure_func_adapter_impl_android.h */ = {isa = PBXFileReference; fileEncoding = 4; lastKnownFileType = sourcecode.c.h; path = measure_func_adapter_impl_android.h; sourceTree = "<group>"; };
		98526FEF20F796F700CDE180 /* layout.h */ = {isa = PBXFileReference; fileEncoding = 4; lastKnownFileType = sourcecode.c.h; path = layout.h; sourceTree = "<group>"; };
		98526FF020F796F700CDE180 /* measure_func_adapter_impl_ios.h */ = {isa = PBXFileReference; fileEncoding = 4; lastKnownFileType = sourcecode.c.h; path = measure_func_adapter_impl_ios.h; sourceTree = "<group>"; };
		98526FF120F796F700CDE180 /* flex_enum.h */ = {isa = PBXFileReference; fileEncoding = 4; lastKnownFileType = sourcecode.c.h; path = flex_enum.h; sourceTree = "<group>"; };
		98526FF420F796F700CDE180 /* render_page.cpp */ = {isa = PBXFileReference; fileEncoding = 4; lastKnownFileType = sourcecode.cpp.cpp; path = render_page.cpp; sourceTree = "<group>"; };
		98526FF520F796F700CDE180 /* render_page.h */ = {isa = PBXFileReference; fileEncoding = 4; lastKnownFileType = sourcecode.c.h; path = render_page.h; sourceTree = "<group>"; };
		98526FF720F796F700CDE180 /* render_manager.cpp */ = {isa = PBXFileReference; fileEncoding = 4; lastKnownFileType = sourcecode.cpp.cpp; path = render_manager.cpp; sourceTree = "<group>"; };
		98526FF820F796F700CDE180 /* render_manager.h */ = {isa = PBXFileReference; fileEncoding = 4; lastKnownFileType = sourcecode.c.h; path = render_manager.h; sourceTree = "<group>"; };
		98526FFA20F796F700CDE180 /* render_action_appendtree_createfinish.h */ = {isa = PBXFileReference; fileEncoding = 4; lastKnownFileType = sourcecode.c.h; path = render_action_appendtree_createfinish.h; sourceTree = "<group>"; };
		98526FFB20F796F700CDE180 /* render_action_update_attr.h */ = {isa = PBXFileReference; fileEncoding = 4; lastKnownFileType = sourcecode.c.h; path = render_action_update_attr.h; sourceTree = "<group>"; };
		98526FFC20F796F700CDE180 /* render_action_move_element.h */ = {isa = PBXFileReference; fileEncoding = 4; lastKnownFileType = sourcecode.c.h; path = render_action_move_element.h; sourceTree = "<group>"; };
		98526FFD20F796F700CDE180 /* render_action_update_attr.cpp */ = {isa = PBXFileReference; fileEncoding = 4; lastKnownFileType = sourcecode.cpp.cpp; path = render_action_update_attr.cpp; sourceTree = "<group>"; };
		98526FFE20F796F700CDE180 /* render_action_layout.cpp */ = {isa = PBXFileReference; fileEncoding = 4; lastKnownFileType = sourcecode.cpp.cpp; path = render_action_layout.cpp; sourceTree = "<group>"; };
		98526FFF20F796F700CDE180 /* render_action_update_style.h */ = {isa = PBXFileReference; fileEncoding = 4; lastKnownFileType = sourcecode.c.h; path = render_action_update_style.h; sourceTree = "<group>"; };
		9852700020F796F700CDE180 /* render_action_createfinish.h */ = {isa = PBXFileReference; fileEncoding = 4; lastKnownFileType = sourcecode.c.h; path = render_action_createfinish.h; sourceTree = "<group>"; };
		9852700120F796F700CDE180 /* render_action_update_style.cpp */ = {isa = PBXFileReference; fileEncoding = 4; lastKnownFileType = sourcecode.cpp.cpp; path = render_action_update_style.cpp; sourceTree = "<group>"; };
		9852700220F796F700CDE180 /* render_action_add_event.h */ = {isa = PBXFileReference; fileEncoding = 4; lastKnownFileType = sourcecode.c.h; path = render_action_add_event.h; sourceTree = "<group>"; };
		9852700320F796F700CDE180 /* render_action_remove_element.cpp */ = {isa = PBXFileReference; fileEncoding = 4; lastKnownFileType = sourcecode.cpp.cpp; path = render_action_remove_element.cpp; sourceTree = "<group>"; };
		9852700420F796F700CDE180 /* render_action_createbody.h */ = {isa = PBXFileReference; fileEncoding = 4; lastKnownFileType = sourcecode.c.h; path = render_action_createbody.h; sourceTree = "<group>"; };
		9852700520F796F700CDE180 /* render_action_add_event.cpp */ = {isa = PBXFileReference; fileEncoding = 4; lastKnownFileType = sourcecode.cpp.cpp; path = render_action_add_event.cpp; sourceTree = "<group>"; };
		9852700620F796F700CDE180 /* render_action_interface.h */ = {isa = PBXFileReference; fileEncoding = 4; lastKnownFileType = sourcecode.c.h; path = render_action_interface.h; sourceTree = "<group>"; };
		9852700720F796F700CDE180 /* render_action_remove_event.cpp */ = {isa = PBXFileReference; fileEncoding = 4; lastKnownFileType = sourcecode.cpp.cpp; path = render_action_remove_event.cpp; sourceTree = "<group>"; };
		9852700820F796F700CDE180 /* render_action_move_element.cpp */ = {isa = PBXFileReference; fileEncoding = 4; lastKnownFileType = sourcecode.cpp.cpp; path = render_action_move_element.cpp; sourceTree = "<group>"; };
		9852700920F796F700CDE180 /* render_action_add_element.cpp */ = {isa = PBXFileReference; fileEncoding = 4; lastKnownFileType = sourcecode.cpp.cpp; path = render_action_add_element.cpp; sourceTree = "<group>"; };
		9852700A20F796F700CDE180 /* render_action_remove_event.h */ = {isa = PBXFileReference; fileEncoding = 4; lastKnownFileType = sourcecode.c.h; path = render_action_remove_event.h; sourceTree = "<group>"; };
		9852700B20F796F700CDE180 /* render_action_createbody.cpp */ = {isa = PBXFileReference; fileEncoding = 4; lastKnownFileType = sourcecode.cpp.cpp; path = render_action_createbody.cpp; sourceTree = "<group>"; };
		9852700C20F796F700CDE180 /* render_action_createfinish.cpp */ = {isa = PBXFileReference; fileEncoding = 4; lastKnownFileType = sourcecode.cpp.cpp; path = render_action_createfinish.cpp; sourceTree = "<group>"; };
		9852700D20F796F700CDE180 /* render_action_layout.h */ = {isa = PBXFileReference; fileEncoding = 4; lastKnownFileType = sourcecode.c.h; path = render_action_layout.h; sourceTree = "<group>"; };
		9852700E20F796F700CDE180 /* render_action_remove_element.h */ = {isa = PBXFileReference; fileEncoding = 4; lastKnownFileType = sourcecode.c.h; path = render_action_remove_element.h; sourceTree = "<group>"; };
		9852700F20F796F700CDE180 /* render_action_add_element.h */ = {isa = PBXFileReference; fileEncoding = 4; lastKnownFileType = sourcecode.c.h; path = render_action_add_element.h; sourceTree = "<group>"; };
		9852701020F796F700CDE180 /* render_action_appendtree_createfinish.cpp */ = {isa = PBXFileReference; fileEncoding = 4; lastKnownFileType = sourcecode.cpp.cpp; path = render_action_appendtree_createfinish.cpp; sourceTree = "<group>"; };
		9852701220F796F700CDE180 /* render_cell.h */ = {isa = PBXFileReference; fileEncoding = 4; lastKnownFileType = sourcecode.c.h; path = render_cell.h; sourceTree = "<group>"; };
		9852701320F796F700CDE180 /* render_text.cpp */ = {isa = PBXFileReference; fileEncoding = 4; lastKnownFileType = sourcecode.cpp.cpp; path = render_text.cpp; sourceTree = "<group>"; };
		9852701420F796F700CDE180 /* render_mask.cpp */ = {isa = PBXFileReference; fileEncoding = 4; lastKnownFileType = sourcecode.cpp.cpp; path = render_mask.cpp; sourceTree = "<group>"; };
		9852701520F796F700CDE180 /* render_scroller.cpp */ = {isa = PBXFileReference; fileEncoding = 4; lastKnownFileType = sourcecode.cpp.cpp; path = render_scroller.cpp; sourceTree = "<group>"; };
		9852701620F796F700CDE180 /* render_mask.h */ = {isa = PBXFileReference; fileEncoding = 4; lastKnownFileType = sourcecode.c.h; path = render_mask.h; sourceTree = "<group>"; };
		9852701720F796F700CDE180 /* render_scroller.h */ = {isa = PBXFileReference; fileEncoding = 4; lastKnownFileType = sourcecode.c.h; path = render_scroller.h; sourceTree = "<group>"; };
		9852701820F796F700CDE180 /* render_text.h */ = {isa = PBXFileReference; fileEncoding = 4; lastKnownFileType = sourcecode.c.h; path = render_text.h; sourceTree = "<group>"; };
		9852701920F796F700CDE180 /* render_object.cpp */ = {isa = PBXFileReference; fileEncoding = 4; lastKnownFileType = sourcecode.cpp.cpp; path = render_object.cpp; sourceTree = "<group>"; };
		9852701A20F796F700CDE180 /* render_appbar.cpp */ = {isa = PBXFileReference; fileEncoding = 4; lastKnownFileType = sourcecode.cpp.cpp; path = render_appbar.cpp; sourceTree = "<group>"; };
		9852701B20F796F700CDE180 /* render_list.cpp */ = {isa = PBXFileReference; fileEncoding = 4; lastKnownFileType = sourcecode.cpp.cpp; path = render_list.cpp; sourceTree = "<group>"; };
		9852701C20F796F700CDE180 /* render_object.h */ = {isa = PBXFileReference; fileEncoding = 4; lastKnownFileType = sourcecode.c.h; path = render_object.h; sourceTree = "<group>"; };
		9852701D20F796F700CDE180 /* render_appbar.h */ = {isa = PBXFileReference; fileEncoding = 4; lastKnownFileType = sourcecode.c.h; path = render_appbar.h; sourceTree = "<group>"; };
		9852701E20F796F700CDE180 /* render_list.h */ = {isa = PBXFileReference; fileEncoding = 4; lastKnownFileType = sourcecode.c.h; path = render_list.h; sourceTree = "<group>"; };
		9852702020F796F700CDE180 /* render_mask_factory.h */ = {isa = PBXFileReference; fileEncoding = 4; lastKnownFileType = sourcecode.c.h; path = render_mask_factory.h; sourceTree = "<group>"; };
		9852702120F796F700CDE180 /* render_text_factory.h */ = {isa = PBXFileReference; fileEncoding = 4; lastKnownFileType = sourcecode.c.h; path = render_text_factory.h; sourceTree = "<group>"; };
		9852702220F796F700CDE180 /* render_scroller_factory.h */ = {isa = PBXFileReference; fileEncoding = 4; lastKnownFileType = sourcecode.c.h; path = render_scroller_factory.h; sourceTree = "<group>"; };
		9852702320F796F700CDE180 /* render_type.h */ = {isa = PBXFileReference; fileEncoding = 4; lastKnownFileType = sourcecode.c.h; path = render_type.h; sourceTree = "<group>"; };
		9852702420F796F700CDE180 /* render_creator.cpp */ = {isa = PBXFileReference; fileEncoding = 4; lastKnownFileType = sourcecode.cpp.cpp; path = render_creator.cpp; sourceTree = "<group>"; };
		9852702520F796F700CDE180 /* render_appbar_factory.h */ = {isa = PBXFileReference; fileEncoding = 4; lastKnownFileType = sourcecode.c.h; path = render_appbar_factory.h; sourceTree = "<group>"; };
		9852702620F796F700CDE180 /* simple_render_factory.h */ = {isa = PBXFileReference; fileEncoding = 4; lastKnownFileType = sourcecode.c.h; path = simple_render_factory.h; sourceTree = "<group>"; };
		9852702720F796F700CDE180 /* render_object_interface.h */ = {isa = PBXFileReference; fileEncoding = 4; lastKnownFileType = sourcecode.c.h; path = render_object_interface.h; sourceTree = "<group>"; };
		9852702820F796F700CDE180 /* render_list_factory.h */ = {isa = PBXFileReference; fileEncoding = 4; lastKnownFileType = sourcecode.c.h; path = render_list_factory.h; sourceTree = "<group>"; };
		9852702920F796F700CDE180 /* render_creator.h */ = {isa = PBXFileReference; fileEncoding = 4; lastKnownFileType = sourcecode.c.h; path = render_creator.h; sourceTree = "<group>"; };
		9852702A20F796F700CDE180 /* render_cell_factory.h */ = {isa = PBXFileReference; fileEncoding = 4; lastKnownFileType = sourcecode.c.h; path = render_cell_factory.h; sourceTree = "<group>"; };
		9852702B20F796F700CDE180 /* render_factory_interface.h */ = {isa = PBXFileReference; fileEncoding = 4; lastKnownFileType = sourcecode.c.h; path = render_factory_interface.h; sourceTree = "<group>"; };
		9852702D20F796F700CDE180 /* dom_wson.h */ = {isa = PBXFileReference; fileEncoding = 4; lastKnownFileType = sourcecode.c.h; path = dom_wson.h; sourceTree = "<group>"; };
		9852702E20F796F700CDE180 /* dom_wson.cpp */ = {isa = PBXFileReference; fileEncoding = 4; lastKnownFileType = sourcecode.cpp.cpp; path = dom_wson.cpp; sourceTree = "<group>"; };
		9852703020F796F700CDE180 /* weex_core_manager.cpp */ = {isa = PBXFileReference; fileEncoding = 4; lastKnownFileType = sourcecode.cpp.cpp; path = weex_core_manager.cpp; sourceTree = "<group>"; };
		9852703120F796F700CDE180 /* weex_core_manager.h */ = {isa = PBXFileReference; fileEncoding = 4; lastKnownFileType = sourcecode.c.h; path = weex_core_manager.h; sourceTree = "<group>"; };
		9852703320F796F700CDE180 /* WeexApiHeader.h */ = {isa = PBXFileReference; fileEncoding = 4; lastKnownFileType = sourcecode.c.h; path = WeexApiHeader.h; sourceTree = "<group>"; };
		9852707420F796F700CDE180 /* wson.h */ = {isa = PBXFileReference; fileEncoding = 4; lastKnownFileType = sourcecode.c.h; path = wson.h; sourceTree = "<group>"; };
		9852707520F796F700CDE180 /* CMakeLists.txt */ = {isa = PBXFileReference; fileEncoding = 4; lastKnownFileType = text; path = CMakeLists.txt; sourceTree = "<group>"; };
		9852707620F796F700CDE180 /* wson.c */ = {isa = PBXFileReference; fileEncoding = 4; lastKnownFileType = sourcecode.c.c; path = wson.c; sourceTree = "<group>"; };
		9852707720F796F700CDE180 /* wson_util.h */ = {isa = PBXFileReference; fileEncoding = 4; lastKnownFileType = sourcecode.c.h; path = wson_util.h; sourceTree = "<group>"; };
		9852707820F796F700CDE180 /* wson_util.cpp */ = {isa = PBXFileReference; fileEncoding = 4; lastKnownFileType = sourcecode.cpp.cpp; path = wson_util.cpp; sourceTree = "<group>"; };
		9852707920F796F700CDE180 /* wson_parser.cpp */ = {isa = PBXFileReference; fileEncoding = 4; lastKnownFileType = sourcecode.cpp.cpp; path = wson_parser.cpp; sourceTree = "<group>"; };
		9852707A20F796F700CDE180 /* wson_parser.h */ = {isa = PBXFileReference; fileEncoding = 4; lastKnownFileType = sourcecode.c.h; path = wson_parser.h; sourceTree = "<group>"; };
		9852709C20F796F700CDE180 /* TimeUtils.h */ = {isa = PBXFileReference; fileEncoding = 4; lastKnownFileType = sourcecode.c.h; path = TimeUtils.h; sourceTree = "<group>"; };
		9852709D20F796F700CDE180 /* ViewUtils.h */ = {isa = PBXFileReference; fileEncoding = 4; lastKnownFileType = sourcecode.c.h; path = ViewUtils.h; sourceTree = "<group>"; };
		9852709E20F796F700CDE180 /* common.h */ = {isa = PBXFileReference; fileEncoding = 4; lastKnownFileType = sourcecode.c.h; path = common.h; sourceTree = "<group>"; };
		9852709F20F796F700CDE180 /* CoreConstants.h */ = {isa = PBXFileReference; fileEncoding = 4; lastKnownFileType = sourcecode.c.h; path = CoreConstants.h; sourceTree = "<group>"; };
/* End PBXFileReference section */

/* Begin PBXFrameworksBuildPhase section */
		98526E7220F7956400CDE180 /* Frameworks */ = {
			isa = PBXFrameworksBuildPhase;
			buildActionMask = 2147483647;
			files = (
			);
			runOnlyForDeploymentPostprocessing = 0;
		};
/* End PBXFrameworksBuildPhase section */

/* Begin PBXGroup section */
		98526E6C20F7956400CDE180 = {
			isa = PBXGroup;
			children = (
				98526FB520F796F700CDE180 /* Source */,
				98526E7720F7956400CDE180 /* WeexAST */,
				98526E7620F7956400CDE180 /* Products */,
			);
			sourceTree = "<group>";
		};
		98526E7620F7956400CDE180 /* Products */ = {
			isa = PBXGroup;
			children = (
				98526E7520F7956400CDE180 /* WeexAST */,
			);
			name = Products;
			sourceTree = "<group>";
		};
		98526E7720F7956400CDE180 /* WeexAST */ = {
			isa = PBXGroup;
			children = (
				98526E7820F7956400CDE180 /* main.mm */,
			);
			path = WeexAST;
			sourceTree = "<group>";
		};
		98526FB520F796F700CDE180 /* Source */ = {
			isa = PBXGroup;
			children = (
				98526FB620F796F700CDE180 /* weexjsc_version_script.txt */,
				98526FB720F796F700CDE180 /* CMakeLists.txt */,
				98526FB820F796F700CDE180 /* core */,
				9852703220F796F700CDE180 /* include */,
				9852707320F796F700CDE180 /* wson */,
				9852709B20F796F700CDE180 /* base */,
			);
			name = Source;
			path = ../../../weex_core/Source;
			sourceTree = "<group>";
		};
		98526FB820F796F700CDE180 /* core */ = {
			isa = PBXGroup;
			children = (
				98526FB920F796F700CDE180 /* data_render */,
				98526FD920F796F700CDE180 /* moniter */,
				98526FDC20F796F700CDE180 /* css */,
				98526FE120F796F700CDE180 /* config */,
				98526FE420F796F700CDE180 /* bridge */,
				98526FE920F796F700CDE180 /* layout */,
				98526FF220F796F700CDE180 /* render */,
				9852702C20F796F700CDE180 /* parser */,
				9852702F20F796F700CDE180 /* manager */,
			);
			path = core;
			sourceTree = "<group>";
		};
		98526FB920F796F700CDE180 /* data_render */ = {
			isa = PBXGroup;
			children = (
				98526FBA20F796F700CDE180 /* string_table.cc */,
				98526FBB20F796F700CDE180 /* code_generator.h */,
				98526FBC20F796F700CDE180 /* code_generator.cc */,
				98526FBD20F796F700CDE180 /* op_code.cc */,
				98526FBE20F796F700CDE180 /* ast_factory.cc */,
				98526FBF20F796F700CDE180 /* parser.h */,
				98526FC020F796F700CDE180 /* parser.cc */,
				98526FC120F796F700CDE180 /* vnode */,
				98526FC620F796F700CDE180 /* ast_factory.h */,
				98526FC720F796F700CDE180 /* ast.cc */,
				98526FC820F796F700CDE180 /* statement.h */,
				98526FC920F796F700CDE180 /* statement.cc */,
				98526FCA20F796F700CDE180 /* vm.cc */,
				98526FCB20F796F700CDE180 /* string_table.h */,
				98526FCC20F796F700CDE180 /* ast.h */,
				98526FCD20F796F700CDE180 /* json */,
				98526FD020F796F700CDE180 /* macros.h */,
				98526FD120F796F700CDE180 /* handle.h */,
				98526FD220F796F700CDE180 /* exec_state.h */,
				98526FD320F796F700CDE180 /* token.h */,
				98526FD420F796F700CDE180 /* vm.h */,
				98526FD520F796F700CDE180 /* op_code.h */,
				98526FD620F796F700CDE180 /* ast_visitor.h */,
				98526FD720F796F700CDE180 /* token.cc */,
				98526FD820F796F700CDE180 /* exec_state.cc */,
			);
			path = data_render;
			sourceTree = "<group>";
		};
		98526FC120F796F700CDE180 /* vnode */ = {
			isa = PBXGroup;
			children = (
				98526FC220F796F700CDE180 /* vnode.h */,
				98526FC320F796F700CDE180 /* vnode.cc */,
				98526FC420F796F700CDE180 /* vnode_render_manager.cc */,
				98526FC520F796F700CDE180 /* vnode_render_manager.h */,
			);
			path = vnode;
			sourceTree = "<group>";
		};
		98526FCD20F796F700CDE180 /* json */ = {
			isa = PBXGroup;
			children = (
				98526FCE20F796F700CDE180 /* json11.hpp */,
				98526FCF20F796F700CDE180 /* json11.cc */,
			);
			path = json;
			sourceTree = "<group>";
		};
		98526FD920F796F700CDE180 /* moniter */ = {
			isa = PBXGroup;
			children = (
				98526FDA20F796F700CDE180 /* render_performance.cpp */,
				98526FDB20F796F700CDE180 /* render_performance.h */,
			);
			path = moniter;
			sourceTree = "<group>";
		};
		98526FDC20F796F700CDE180 /* css */ = {
			isa = PBXGroup;
			children = (
				98526FDD20F796F700CDE180 /* constants_name.h */,
				98526FDE20F796F700CDE180 /* constants_value.h */,
				98526FDF20F796F700CDE180 /* css_value_getter.cpp */,
				98526FE020F796F700CDE180 /* css_value_getter.h */,
			);
			path = css;
			sourceTree = "<group>";
		};
		98526FE120F796F700CDE180 /* config */ = {
			isa = PBXGroup;
			children = (
				98526FE220F796F700CDE180 /* core_environment.cpp */,
				98526FE320F796F700CDE180 /* core_environment.h */,
			);
			path = config;
			sourceTree = "<group>";
		};
		98526FE420F796F700CDE180 /* bridge */ = {
			isa = PBXGroup;
			children = (
				98526FE520F796F700CDE180 /* bridge.h */,
				98526FE620F796F700CDE180 /* js_bridge.h */,
				98526FE720F796F700CDE180 /* bridge.cpp */,
				98526FE820F796F700CDE180 /* js_bridge.cpp */,
			);
			path = bridge;
			sourceTree = "<group>";
		};
		98526FE920F796F700CDE180 /* layout */ = {
			isa = PBXGroup;
			children = (
				98526FEA20F796F700CDE180 /* measure_func_adapter.h */,
				98526FEB20F796F700CDE180 /* style.h */,
				98526FEC20F796F700CDE180 /* style.cpp */,
				98526FED20F796F700CDE180 /* layout.cpp */,
				98526FEE20F796F700CDE180 /* measure_func_adapter_impl_android.h */,
				98526FEF20F796F700CDE180 /* layout.h */,
				98526FF020F796F700CDE180 /* measure_func_adapter_impl_ios.h */,
				98526FF120F796F700CDE180 /* flex_enum.h */,
			);
			path = layout;
			sourceTree = "<group>";
		};
		98526FF220F796F700CDE180 /* render */ = {
			isa = PBXGroup;
			children = (
				98526FF320F796F700CDE180 /* page */,
				98526FF620F796F700CDE180 /* manager */,
				98526FF920F796F700CDE180 /* action */,
				9852701120F796F700CDE180 /* node */,
			);
			path = render;
			sourceTree = "<group>";
		};
		98526FF320F796F700CDE180 /* page */ = {
			isa = PBXGroup;
			children = (
				98526FF420F796F700CDE180 /* render_page.cpp */,
				98526FF520F796F700CDE180 /* render_page.h */,
			);
			path = page;
			sourceTree = "<group>";
		};
		98526FF620F796F700CDE180 /* manager */ = {
			isa = PBXGroup;
			children = (
				98526FF720F796F700CDE180 /* render_manager.cpp */,
				98526FF820F796F700CDE180 /* render_manager.h */,
			);
			path = manager;
			sourceTree = "<group>";
		};
		98526FF920F796F700CDE180 /* action */ = {
			isa = PBXGroup;
			children = (
				98526FFA20F796F700CDE180 /* render_action_appendtree_createfinish.h */,
				98526FFB20F796F700CDE180 /* render_action_update_attr.h */,
				98526FFC20F796F700CDE180 /* render_action_move_element.h */,
				98526FFD20F796F700CDE180 /* render_action_update_attr.cpp */,
				98526FFE20F796F700CDE180 /* render_action_layout.cpp */,
				98526FFF20F796F700CDE180 /* render_action_update_style.h */,
				9852700020F796F700CDE180 /* render_action_createfinish.h */,
				9852700120F796F700CDE180 /* render_action_update_style.cpp */,
				9852700220F796F700CDE180 /* render_action_add_event.h */,
				9852700320F796F700CDE180 /* render_action_remove_element.cpp */,
				9852700420F796F700CDE180 /* render_action_createbody.h */,
				9852700520F796F700CDE180 /* render_action_add_event.cpp */,
				9852700620F796F700CDE180 /* render_action_interface.h */,
				9852700720F796F700CDE180 /* render_action_remove_event.cpp */,
				9852700820F796F700CDE180 /* render_action_move_element.cpp */,
				9852700920F796F700CDE180 /* render_action_add_element.cpp */,
				9852700A20F796F700CDE180 /* render_action_remove_event.h */,
				9852700B20F796F700CDE180 /* render_action_createbody.cpp */,
				9852700C20F796F700CDE180 /* render_action_createfinish.cpp */,
				9852700D20F796F700CDE180 /* render_action_layout.h */,
				9852700E20F796F700CDE180 /* render_action_remove_element.h */,
				9852700F20F796F700CDE180 /* render_action_add_element.h */,
				9852701020F796F700CDE180 /* render_action_appendtree_createfinish.cpp */,
			);
			path = action;
			sourceTree = "<group>";
		};
		9852701120F796F700CDE180 /* node */ = {
			isa = PBXGroup;
			children = (
				9852701220F796F700CDE180 /* render_cell.h */,
				9852701320F796F700CDE180 /* render_text.cpp */,
				9852701420F796F700CDE180 /* render_mask.cpp */,
				9852701520F796F700CDE180 /* render_scroller.cpp */,
				9852701620F796F700CDE180 /* render_mask.h */,
				9852701720F796F700CDE180 /* render_scroller.h */,
				9852701820F796F700CDE180 /* render_text.h */,
				9852701920F796F700CDE180 /* render_object.cpp */,
				9852701A20F796F700CDE180 /* render_appbar.cpp */,
				9852701B20F796F700CDE180 /* render_list.cpp */,
				9852701C20F796F700CDE180 /* render_object.h */,
				9852701D20F796F700CDE180 /* render_appbar.h */,
				9852701E20F796F700CDE180 /* render_list.h */,
				9852701F20F796F700CDE180 /* factory */,
			);
			path = node;
			sourceTree = "<group>";
		};
		9852701F20F796F700CDE180 /* factory */ = {
			isa = PBXGroup;
			children = (
				9852702020F796F700CDE180 /* render_mask_factory.h */,
				9852702120F796F700CDE180 /* render_text_factory.h */,
				9852702220F796F700CDE180 /* render_scroller_factory.h */,
				9852702320F796F700CDE180 /* render_type.h */,
				9852702420F796F700CDE180 /* render_creator.cpp */,
				9852702520F796F700CDE180 /* render_appbar_factory.h */,
				9852702620F796F700CDE180 /* simple_render_factory.h */,
				9852702720F796F700CDE180 /* render_object_interface.h */,
				9852702820F796F700CDE180 /* render_list_factory.h */,
				9852702920F796F700CDE180 /* render_creator.h */,
				9852702A20F796F700CDE180 /* render_cell_factory.h */,
				9852702B20F796F700CDE180 /* render_factory_interface.h */,
			);
			path = factory;
			sourceTree = "<group>";
		};
		9852702C20F796F700CDE180 /* parser */ = {
			isa = PBXGroup;
			children = (
				9852702D20F796F700CDE180 /* dom_wson.h */,
				9852702E20F796F700CDE180 /* dom_wson.cpp */,
			);
			path = parser;
			sourceTree = "<group>";
		};
		9852702F20F796F700CDE180 /* manager */ = {
			isa = PBXGroup;
			children = (
				9852703020F796F700CDE180 /* weex_core_manager.cpp */,
				9852703120F796F700CDE180 /* weex_core_manager.h */,
			);
			path = manager;
			sourceTree = "<group>";
		};
		9852703220F796F700CDE180 /* include */ = {
			isa = PBXGroup;
			children = (
				9852703320F796F700CDE180 /* WeexApiHeader.h */,
			);
			path = include;
			sourceTree = "<group>";
		};
		9852707320F796F700CDE180 /* wson */ = {
			isa = PBXGroup;
			children = (
				9852707420F796F700CDE180 /* wson.h */,
				9852707520F796F700CDE180 /* CMakeLists.txt */,
				9852707620F796F700CDE180 /* wson.c */,
				9852707720F796F700CDE180 /* wson_util.h */,
				9852707820F796F700CDE180 /* wson_util.cpp */,
				9852707920F796F700CDE180 /* wson_parser.cpp */,
				9852707A20F796F700CDE180 /* wson_parser.h */,
			);
			path = wson;
			sourceTree = "<group>";
		};
		9852709B20F796F700CDE180 /* base */ = {
			isa = PBXGroup;
			children = (
				9852709C20F796F700CDE180 /* TimeUtils.h */,
				9852709D20F796F700CDE180 /* ViewUtils.h */,
				9852709E20F796F700CDE180 /* common.h */,
				9852709F20F796F700CDE180 /* CoreConstants.h */,
			);
			path = base;
			sourceTree = "<group>";
		};
/* End PBXGroup section */

/* Begin PBXNativeTarget section */
		98526E7420F7956400CDE180 /* WeexAST */ = {
			isa = PBXNativeTarget;
			buildConfigurationList = 98526E7C20F7956400CDE180 /* Build configuration list for PBXNativeTarget "WeexAST" */;
			buildPhases = (
				98526E7120F7956400CDE180 /* Sources */,
				98526E7220F7956400CDE180 /* Frameworks */,
				98526E7320F7956400CDE180 /* CopyFiles */,
			);
			buildRules = (
			);
			dependencies = (
			);
			name = WeexAST;
			productName = WeexAST;
			productReference = 98526E7520F7956400CDE180 /* WeexAST */;
			productType = "com.apple.product-type.tool";
		};
/* End PBXNativeTarget section */

/* Begin PBXProject section */
		98526E6D20F7956400CDE180 /* Project object */ = {
			isa = PBXProject;
			attributes = {
				LastUpgradeCheck = 0940;
				ORGANIZATIONNAME = Warmness;
				TargetAttributes = {
					98526E7420F7956400CDE180 = {
						CreatedOnToolsVersion = 9.4.1;
					};
				};
			};
			buildConfigurationList = 98526E7020F7956400CDE180 /* Build configuration list for PBXProject "WeexAST" */;
			compatibilityVersion = "Xcode 9.3";
			developmentRegion = en;
			hasScannedForEncodings = 0;
			knownRegions = (
				en,
			);
			mainGroup = 98526E6C20F7956400CDE180;
			productRefGroup = 98526E7620F7956400CDE180 /* Products */;
			projectDirPath = "";
			projectRoot = "";
			targets = (
				98526E7420F7956400CDE180 /* WeexAST */,
			);
		};
/* End PBXProject section */

/* Begin PBXSourcesBuildPhase section */
		98526E7120F7956400CDE180 /* Sources */ = {
			isa = PBXSourcesBuildPhase;
			buildActionMask = 2147483647;
			files = (
				985270C520F796F700CDE180 /* render_appbar.cpp in Sources */,
				985270B920F796F700CDE180 /* render_action_remove_element.cpp in Sources */,
				985270BB20F796F700CDE180 /* render_action_remove_event.cpp in Sources */,
				985270DF20F796F700CDE180 /* wson_parser.cpp in Sources */,
				985270C620F796F700CDE180 /* render_list.cpp in Sources */,
				985270B720F796F700CDE180 /* render_action_layout.cpp in Sources */,
				985270AC20F796F700CDE180 /* exec_state.cc in Sources */,
				985270BD20F796F700CDE180 /* render_action_add_element.cpp in Sources */,
				985270A920F796F700CDE180 /* vm.cc in Sources */,
				985270BC20F796F700CDE180 /* render_action_move_element.cpp in Sources */,
				985270A620F796F700CDE180 /* vnode_render_manager.cc in Sources */,
				985270AD20F796F700CDE180 /* render_performance.cpp in Sources */,
				985270B020F796F700CDE180 /* bridge.cpp in Sources */,
				985270AE20F796F700CDE180 /* css_value_getter.cpp in Sources */,
				985270BE20F796F700CDE180 /* render_action_createbody.cpp in Sources */,
				985270A720F796F700CDE180 /* ast.cc in Sources */,
				985270A120F796F700CDE180 /* code_generator.cc in Sources */,
				985270BA20F796F700CDE180 /* render_action_add_event.cpp in Sources */,
				985270C120F796F700CDE180 /* render_text.cpp in Sources */,
				985270A520F796F700CDE180 /* vnode.cc in Sources */,
				985270C020F796F700CDE180 /* render_action_appendtree_createfinish.cpp in Sources */,
				98526E7920F7956400CDE180 /* main.mm in Sources */,
				985270DE20F796F700CDE180 /* wson_util.cpp in Sources */,
				985270B520F796F700CDE180 /* render_manager.cpp in Sources */,
				985270A420F796F700CDE180 /* parser.cc in Sources */,
				985270A320F796F700CDE180 /* ast_factory.cc in Sources */,
				985270C420F796F700CDE180 /* render_object.cpp in Sources */,
				985270AB20F796F700CDE180 /* token.cc in Sources */,
				985270DD20F796F700CDE180 /* wson.c in Sources */,
				985270C920F796F700CDE180 /* weex_core_manager.cpp in Sources */,
				985270A020F796F700CDE180 /* string_table.cc in Sources */,
				985270C720F796F700CDE180 /* render_creator.cpp in Sources */,
				985270B320F796F700CDE180 /* layout.cpp in Sources */,
				985270AA20F796F700CDE180 /* json11.cc in Sources */,
				985270B420F796F700CDE180 /* render_page.cpp in Sources */,
				985270B220F796F700CDE180 /* style.cpp in Sources */,
				985270AF20F796F700CDE180 /* core_environment.cpp in Sources */,
				985270C320F796F700CDE180 /* render_scroller.cpp in Sources */,
				985270B120F796F700CDE180 /* js_bridge.cpp in Sources */,
				985270C820F796F700CDE180 /* dom_wson.cpp in Sources */,
				985270B820F796F700CDE180 /* render_action_update_style.cpp in Sources */,
				985270C220F796F700CDE180 /* render_mask.cpp in Sources */,
				985270A220F796F700CDE180 /* op_code.cc in Sources */,
				985270A820F796F700CDE180 /* statement.cc in Sources */,
				985270B620F796F700CDE180 /* render_action_update_attr.cpp in Sources */,
				985270BF20F796F700CDE180 /* render_action_createfinish.cpp in Sources */,
			);
			runOnlyForDeploymentPostprocessing = 0;
		};
/* End PBXSourcesBuildPhase section */

/* Begin XCBuildConfiguration section */
		98526E7A20F7956400CDE180 /* Debug */ = {
			isa = XCBuildConfiguration;
			buildSettings = {
				ALWAYS_SEARCH_USER_PATHS = NO;
				CLANG_ANALYZER_NONNULL = YES;
				CLANG_ANALYZER_NUMBER_OBJECT_CONVERSION = YES_AGGRESSIVE;
				CLANG_CXX_LANGUAGE_STANDARD = "gnu++14";
				CLANG_CXX_LIBRARY = "libc++";
				CLANG_ENABLE_MODULES = YES;
				CLANG_ENABLE_OBJC_ARC = YES;
				CLANG_ENABLE_OBJC_WEAK = YES;
				CLANG_WARN_BLOCK_CAPTURE_AUTORELEASING = YES;
				CLANG_WARN_BOOL_CONVERSION = YES;
				CLANG_WARN_COMMA = YES;
				CLANG_WARN_CONSTANT_CONVERSION = YES;
				CLANG_WARN_DEPRECATED_OBJC_IMPLEMENTATIONS = YES;
				CLANG_WARN_DIRECT_OBJC_ISA_USAGE = YES_ERROR;
				CLANG_WARN_DOCUMENTATION_COMMENTS = YES;
				CLANG_WARN_EMPTY_BODY = YES;
				CLANG_WARN_ENUM_CONVERSION = YES;
				CLANG_WARN_INFINITE_RECURSION = YES;
				CLANG_WARN_INT_CONVERSION = YES;
				CLANG_WARN_NON_LITERAL_NULL_CONVERSION = YES;
				CLANG_WARN_OBJC_IMPLICIT_RETAIN_SELF = YES;
				CLANG_WARN_OBJC_LITERAL_CONVERSION = YES;
				CLANG_WARN_OBJC_ROOT_CLASS = YES_ERROR;
				CLANG_WARN_RANGE_LOOP_ANALYSIS = YES;
				CLANG_WARN_STRICT_PROTOTYPES = YES;
				CLANG_WARN_SUSPICIOUS_MOVE = YES;
				CLANG_WARN_UNGUARDED_AVAILABILITY = YES_AGGRESSIVE;
				CLANG_WARN_UNREACHABLE_CODE = YES;
				CLANG_WARN__DUPLICATE_METHOD_MATCH = YES;
				CODE_SIGN_IDENTITY = "-";
				COPY_PHASE_STRIP = NO;
				DEBUG_INFORMATION_FORMAT = dwarf;
				ENABLE_STRICT_OBJC_MSGSEND = YES;
				ENABLE_TESTABILITY = YES;
				GCC_C_LANGUAGE_STANDARD = gnu11;
				GCC_DYNAMIC_NO_PIC = NO;
				GCC_NO_COMMON_BLOCKS = YES;
				GCC_OPTIMIZATION_LEVEL = 0;
				GCC_PREPROCESSOR_DEFINITIONS = (
					"DEBUG=1",
					"$(inherited)",
				);
				GCC_WARN_64_TO_32_BIT_CONVERSION = YES;
				GCC_WARN_ABOUT_RETURN_TYPE = YES_ERROR;
				GCC_WARN_UNDECLARED_SELECTOR = YES;
				GCC_WARN_UNINITIALIZED_AUTOS = YES_AGGRESSIVE;
				GCC_WARN_UNUSED_FUNCTION = YES;
				GCC_WARN_UNUSED_VARIABLE = YES;
				MACOSX_DEPLOYMENT_TARGET = 10.13;
				MTL_ENABLE_DEBUG_INFO = YES;
				ONLY_ACTIVE_ARCH = YES;
				SDKROOT = macosx;
			};
			name = Debug;
		};
		98526E7B20F7956400CDE180 /* Release */ = {
			isa = XCBuildConfiguration;
			buildSettings = {
				ALWAYS_SEARCH_USER_PATHS = NO;
				CLANG_ANALYZER_NONNULL = YES;
				CLANG_ANALYZER_NUMBER_OBJECT_CONVERSION = YES_AGGRESSIVE;
				CLANG_CXX_LANGUAGE_STANDARD = "gnu++14";
				CLANG_CXX_LIBRARY = "libc++";
				CLANG_ENABLE_MODULES = YES;
				CLANG_ENABLE_OBJC_ARC = YES;
				CLANG_ENABLE_OBJC_WEAK = YES;
				CLANG_WARN_BLOCK_CAPTURE_AUTORELEASING = YES;
				CLANG_WARN_BOOL_CONVERSION = YES;
				CLANG_WARN_COMMA = YES;
				CLANG_WARN_CONSTANT_CONVERSION = YES;
				CLANG_WARN_DEPRECATED_OBJC_IMPLEMENTATIONS = YES;
				CLANG_WARN_DIRECT_OBJC_ISA_USAGE = YES_ERROR;
				CLANG_WARN_DOCUMENTATION_COMMENTS = YES;
				CLANG_WARN_EMPTY_BODY = YES;
				CLANG_WARN_ENUM_CONVERSION = YES;
				CLANG_WARN_INFINITE_RECURSION = YES;
				CLANG_WARN_INT_CONVERSION = YES;
				CLANG_WARN_NON_LITERAL_NULL_CONVERSION = YES;
				CLANG_WARN_OBJC_IMPLICIT_RETAIN_SELF = YES;
				CLANG_WARN_OBJC_LITERAL_CONVERSION = YES;
				CLANG_WARN_OBJC_ROOT_CLASS = YES_ERROR;
				CLANG_WARN_RANGE_LOOP_ANALYSIS = YES;
				CLANG_WARN_STRICT_PROTOTYPES = YES;
				CLANG_WARN_SUSPICIOUS_MOVE = YES;
				CLANG_WARN_UNGUARDED_AVAILABILITY = YES_AGGRESSIVE;
				CLANG_WARN_UNREACHABLE_CODE = YES;
				CLANG_WARN__DUPLICATE_METHOD_MATCH = YES;
				CODE_SIGN_IDENTITY = "-";
				COPY_PHASE_STRIP = NO;
				DEBUG_INFORMATION_FORMAT = "dwarf-with-dsym";
				ENABLE_NS_ASSERTIONS = NO;
				ENABLE_STRICT_OBJC_MSGSEND = YES;
				GCC_C_LANGUAGE_STANDARD = gnu11;
				GCC_NO_COMMON_BLOCKS = YES;
				GCC_WARN_64_TO_32_BIT_CONVERSION = YES;
				GCC_WARN_ABOUT_RETURN_TYPE = YES_ERROR;
				GCC_WARN_UNDECLARED_SELECTOR = YES;
				GCC_WARN_UNINITIALIZED_AUTOS = YES_AGGRESSIVE;
				GCC_WARN_UNUSED_FUNCTION = YES;
				GCC_WARN_UNUSED_VARIABLE = YES;
				MACOSX_DEPLOYMENT_TARGET = 10.13;
				MTL_ENABLE_DEBUG_INFO = NO;
				SDKROOT = macosx;
			};
			name = Release;
		};
		98526E7D20F7956400CDE180 /* Debug */ = {
			isa = XCBuildConfiguration;
			buildSettings = {
				CODE_SIGN_STYLE = Automatic;
				HEADER_SEARCH_PATHS = /Users/warmness/weex/weex_core/Source;
				PRODUCT_NAME = "$(TARGET_NAME)";
			};
			name = Debug;
		};
		98526E7E20F7956400CDE180 /* Release */ = {
			isa = XCBuildConfiguration;
			buildSettings = {
				CODE_SIGN_STYLE = Automatic;
				HEADER_SEARCH_PATHS = /Users/warmness/weex/weex_core/Source;
				PRODUCT_NAME = "$(TARGET_NAME)";
			};
			name = Release;
		};
/* End XCBuildConfiguration section */

/* Begin XCConfigurationList section */
		98526E7020F7956400CDE180 /* Build configuration list for PBXProject "WeexAST" */ = {
			isa = XCConfigurationList;
			buildConfigurations = (
				98526E7A20F7956400CDE180 /* Debug */,
				98526E7B20F7956400CDE180 /* Release */,
			);
			defaultConfigurationIsVisible = 0;
			defaultConfigurationName = Release;
		};
		98526E7C20F7956400CDE180 /* Build configuration list for PBXNativeTarget "WeexAST" */ = {
			isa = XCConfigurationList;
			buildConfigurations = (
				98526E7D20F7956400CDE180 /* Debug */,
				98526E7E20F7956400CDE180 /* Release */,
			);
			defaultConfigurationIsVisible = 0;
			defaultConfigurationName = Release;
		};
/* End XCConfigurationList section */
	};
	rootObject = 98526E6D20F7956400CDE180 /* Project object */;
}
